// !$*UTF8*$!
{
	archiveVersion = 1;
	classes = {
	};
	objectVersion = 46;
	objects = {

/* Begin PBXBuildFile section */
		923C3FCE1BDB1B2D0000E6F4 /* Bolts.framework in Frameworks */ = {isa = PBXBuildFile; fileRef = 923C3FCC1BDB1B2D0000E6F4 /* Bolts.framework */; };
		923C3FD11BDBEBEA0000E6F4 /* libsqlite3.tbd in Frameworks */ = {isa = PBXBuildFile; fileRef = 923C3FD01BDBEBEA0000E6F4 /* libsqlite3.tbd */; };
		923C3FD31BDBEBFD0000E6F4 /* libz.tbd in Frameworks */ = {isa = PBXBuildFile; fileRef = 923C3FD21BDBEBFD0000E6F4 /* libz.tbd */; };
		923C3FD41BDBEC550000E6F4 /* Parse.framework in Frameworks */ = {isa = PBXBuildFile; fileRef = 923C3FCD1BDB1B2D0000E6F4 /* Parse.framework */; };
		923C3FD71BDCA8A00000E6F4 /* HomeViewController.m in Sources */ = {isa = PBXBuildFile; fileRef = 923C3FD61BDCA8A00000E6F4 /* HomeViewController.m */; };
		923C3FDB1BDCAA5C0000E6F4 /* BorrowTripViewController.m in Sources */ = {isa = PBXBuildFile; fileRef = 923C3FDA1BDCAA5C0000E6F4 /* BorrowTripViewController.m */; };
		92987F561BE04DE30076C817 /* PlacesSearchView.m in Sources */ = {isa = PBXBuildFile; fileRef = 92987F551BE04DE30076C817 /* PlacesSearchView.m */; };
		92987F591BE04F5B0076C817 /* PlacesTableViewCell.m in Sources */ = {isa = PBXBuildFile; fileRef = 92987F581BE04F5B0076C817 /* PlacesTableViewCell.m */; };
		92987F5D1BE079E40076C817 /* DirectionsManager.m in Sources */ = {isa = PBXBuildFile; fileRef = 92987F5C1BE079E40076C817 /* DirectionsManager.m */; };
		92EDC38F1BF2C196009988D1 /* FinishBorrowViewController.m in Sources */ = {isa = PBXBuildFile; fileRef = 92EDC38E1BF2C196009988D1 /* FinishBorrowViewController.m */; };
		92F1F30C1BDD6B45004B4728 /* NoCarViewController.m in Sources */ = {isa = PBXBuildFile; fileRef = 92F1F30B1BDD6B45004B4728 /* NoCarViewController.m */; };
		92F1F30F1BDDA655004B4728 /* FinishViewController.m in Sources */ = {isa = PBXBuildFile; fileRef = 92F1F30E1BDDA655004B4728 /* FinishViewController.m */; };
		92F5B9811BDF4225009EE4B7 /* BorrowCarTableViewCell.m in Sources */ = {isa = PBXBuildFile; fileRef = 92F5B9801BDF4225009EE4B7 /* BorrowCarTableViewCell.m */; };
		92F5B9881BDF5C70009EE4B7 /* TripViewController.m in Sources */ = {isa = PBXBuildFile; fileRef = 92F5B9861BDF5C70009EE4B7 /* TripViewController.m */; };
		AE14081D1BD8AC5C0086AE34 /* AudioToolbox.framework in Frameworks */ = {isa = PBXBuildFile; fileRef = AE14081C1BD8AC5C0086AE34 /* AudioToolbox.framework */; };
		AE14081F1BD8AC630086AE34 /* CFNetwork.framework in Frameworks */ = {isa = PBXBuildFile; fileRef = AE14081E1BD8AC630086AE34 /* CFNetwork.framework */; };
		AE1408211BD8AC6D0086AE34 /* CoreGraphics.framework in Frameworks */ = {isa = PBXBuildFile; fileRef = AE1408201BD8AC6D0086AE34 /* CoreGraphics.framework */; };
		AE1408231BD8AC890086AE34 /* CoreLocation.framework in Frameworks */ = {isa = PBXBuildFile; fileRef = AE1408221BD8AC890086AE34 /* CoreLocation.framework */; };
		AE1408251BD8AC920086AE34 /* QuartzCore.framework in Frameworks */ = {isa = PBXBuildFile; fileRef = AE1408241BD8AC920086AE34 /* QuartzCore.framework */; };
		AE1408271BD8AC9C0086AE34 /* Security.framework in Frameworks */ = {isa = PBXBuildFile; fileRef = AE1408261BD8AC9C0086AE34 /* Security.framework */; };
		AE1408291BD8ACA20086AE34 /* StoreKit.framework in Frameworks */ = {isa = PBXBuildFile; fileRef = AE1408281BD8ACA20086AE34 /* StoreKit.framework */; };
		AE14082B1BD8ACAC0086AE34 /* SystemConfiguration.framework in Frameworks */ = {isa = PBXBuildFile; fileRef = AE14082A1BD8ACAC0086AE34 /* SystemConfiguration.framework */; };
		AE1408311BD8ACD60086AE34 /* Accounts.framework in Frameworks */ = {isa = PBXBuildFile; fileRef = AE1408301BD8ACD60086AE34 /* Accounts.framework */; };
		AE1408331BD8ACDD0086AE34 /* Social.framework in Frameworks */ = {isa = PBXBuildFile; fileRef = AE1408321BD8ACDD0086AE34 /* Social.framework */; };
		AE1408361BD8B30C0086AE34 /* RegisterViewController.m in Sources */ = {isa = PBXBuildFile; fileRef = AE1408351BD8B30C0086AE34 /* RegisterViewController.m */; };
		AE1408391BD8B3530086AE34 /* SignInViewController.m in Sources */ = {isa = PBXBuildFile; fileRef = AE1408381BD8B3530086AE34 /* SignInViewController.m */; };
		AE14083C1BD8C9A40086AE34 /* ConnectWithVenmoViewController.m in Sources */ = {isa = PBXBuildFile; fileRef = AE14083B1BD8C9A40086AE34 /* ConnectWithVenmoViewController.m */; };
		AE14083F1BD98D570086AE34 /* PhoneViewController.m in Sources */ = {isa = PBXBuildFile; fileRef = AE14083E1BD98D570086AE34 /* PhoneViewController.m */; };
		AE1408421BD99FFD0086AE34 /* VerifyPhoneViewController.m in Sources */ = {isa = PBXBuildFile; fileRef = AE1408411BD99FFD0086AE34 /* VerifyPhoneViewController.m */; };
		AE1408451BD9B3210086AE34 /* FindCarViewController.m in Sources */ = {isa = PBXBuildFile; fileRef = AE1408441BD9B3210086AE34 /* FindCarViewController.m */; };
		AE1408491BD9B4890086AE34 /* CarYearViewController.m in Sources */ = {isa = PBXBuildFile; fileRef = AE1408471BD9B4890086AE34 /* CarYearViewController.m */; };
		AE14084D1BDA0C4F0086AE34 /* CarMakeViewController.m in Sources */ = {isa = PBXBuildFile; fileRef = AE14084C1BDA0C4F0086AE34 /* CarMakeViewController.m */; };
		AE1408501BDA0F530086AE34 /* CarModelViewController.m in Sources */ = {isa = PBXBuildFile; fileRef = AE14084F1BDA0F530086AE34 /* CarModelViewController.m */; };
		AE1408531BDA9F710086AE34 /* CustomMPGViewController.m in Sources */ = {isa = PBXBuildFile; fileRef = AE1408521BDA9F710086AE34 /* CustomMPGViewController.m */; };
		AE14B5A61B994C7400398348 /* Database.m in Sources */ = {isa = PBXBuildFile; fileRef = AE14B5A51B994C7400398348 /* Database.m */; };
		AE14B5A91B9A277D00398348 /* LoginViewController.m in Sources */ = {isa = PBXBuildFile; fileRef = AE14B5A81B9A277D00398348 /* LoginViewController.m */; };
		AE2F448E1B8E3C9D00F57579 /* main.m in Sources */ = {isa = PBXBuildFile; fileRef = AE2F448D1B8E3C9D00F57579 /* main.m */; };
		AE2F44911B8E3C9D00F57579 /* AppDelegate.m in Sources */ = {isa = PBXBuildFile; fileRef = AE2F44901B8E3C9D00F57579 /* AppDelegate.m */; };
		AE2F44991B8E3C9D00F57579 /* Images.xcassets in Resources */ = {isa = PBXBuildFile; fileRef = AE2F44981B8E3C9D00F57579 /* Images.xcassets */; };
		AE2F44A81B8E3C9D00F57579 /* PumpTests.m in Sources */ = {isa = PBXBuildFile; fileRef = AE2F44A71B8E3C9D00F57579 /* PumpTests.m */; };
		AE2F44B91B8E3F9C00F57579 /* TripManager.m in Sources */ = {isa = PBXBuildFile; fileRef = AE2F44B81B8E3F9C00F57579 /* TripManager.m */; };
		AE2F44C11B8E4C1000F57579 /* Utils.m in Sources */ = {isa = PBXBuildFile; fileRef = AE2F44C01B8E4C1000F57579 /* Utils.m */; };
		AE5FC0041BA6044E00A398FF /* ProfileViewController.m in Sources */ = {isa = PBXBuildFile; fileRef = AE5FC0031BA6044E00A398FF /* ProfileViewController.m */; };
		AE5FC0071BA605CB00A398FF /* ProfileFriendTableViewCell.m in Sources */ = {isa = PBXBuildFile; fileRef = AE5FC0061BA605CB00A398FF /* ProfileFriendTableViewCell.m */; };
		AE65D6B91B92979900FF4519 /* Default-568h@2x.png in Resources */ = {isa = PBXBuildFile; fileRef = AE65D6B81B92979900FF4519 /* Default-568h@2x.png */; };
		AE67F1581BA9E7260068CF72 /* TripsViewController.m in Sources */ = {isa = PBXBuildFile; fileRef = AE67F1571BA9E7260068CF72 /* TripsViewController.m */; };
		AE67F15B1BAA0AB30068CF72 /* TripInfoViewController.m in Sources */ = {isa = PBXBuildFile; fileRef = AE67F15A1BAA0AB30068CF72 /* TripInfoViewController.m */; };
		AE737EF21BAC5895004A73E0 /* PendingOwnershipsViewController.m in Sources */ = {isa = PBXBuildFile; fileRef = AE737EF11BAC5895004A73E0 /* PendingOwnershipsViewController.m */; };
		AE737EF61BAC5A3C004A73E0 /* PendingMembershipsViewController.m in Sources */ = {isa = PBXBuildFile; fileRef = AE737EF51BAC5A3C004A73E0 /* PendingMembershipsViewController.m */; };
		AE737EF91BAC9344004A73E0 /* ChooseCarViewController.m in Sources */ = {isa = PBXBuildFile; fileRef = AE737EF81BAC9344004A73E0 /* ChooseCarViewController.m */; };
		AEA31D691BCCF3CC00D08AF0 /* DecimalKeypad.m in Sources */ = {isa = PBXBuildFile; fileRef = AEA31D681BCCF3CC00D08AF0 /* DecimalKeypad.m */; };
		AEA3DE4B1BB1049700F36830 /* TripHistoryViewController.m in Sources */ = {isa = PBXBuildFile; fileRef = AEA3DE4A1BB1049700F36830 /* TripHistoryViewController.m */; };
		AEA3DE4E1BB28CC100F36830 /* TripRequestTableViewCell.m in Sources */ = {isa = PBXBuildFile; fileRef = AEA3DE4D1BB28CC100F36830 /* TripRequestTableViewCell.m */; };
		AEA3DE511BB46DAA00F36830 /* SettingsViewController.m in Sources */ = {isa = PBXBuildFile; fileRef = AEA3DE501BB46DAA00F36830 /* SettingsViewController.m */; };
		AEA3DE541BB49D1A00F36830 /* Storage.m in Sources */ = {isa = PBXBuildFile; fileRef = AEA3DE531BB49D1A00F36830 /* Storage.m */; };
		AEA3DE571BB7703900F36830 /* SearchViewTableViewCell.m in Sources */ = {isa = PBXBuildFile; fileRef = AEA3DE561BB7703900F36830 /* SearchViewTableViewCell.m */; };
		AEA930531BA86B720090981A /* PassengerView.m in Sources */ = {isa = PBXBuildFile; fileRef = AEA930521BA86B720090981A /* PassengerView.m */; };
		AEA930561BA86D400090981A /* PassengerTableViewCell.m in Sources */ = {isa = PBXBuildFile; fileRef = AEA930551BA86D400090981A /* PassengerTableViewCell.m */; };
		AEA930591BA876260090981A /* AddPassengersViewController.m in Sources */ = {isa = PBXBuildFile; fileRef = AEA930581BA876260090981A /* AddPassengersViewController.m */; };
		AEC98B1D1B927B8900607E60 /* SearchUserView.m in Sources */ = {isa = PBXBuildFile; fileRef = AEC98B1C1B927B8900607E60 /* SearchUserView.m */; };
		AEEA52CA1B9D68AB0081BA97 /* UserManager.m in Sources */ = {isa = PBXBuildFile; fileRef = AEEA52C91B9D68AB0081BA97 /* UserManager.m */; };
		AEEA52CD1B9D6DC30081BA97 /* Model.xcdatamodeld in Sources */ = {isa = PBXBuildFile; fileRef = AEEA52CB1B9D6DC30081BA97 /* Model.xcdatamodeld */; };
		AEEA52D01B9E3EA00081BA97 /* Friend.m in Sources */ = {isa = PBXBuildFile; fileRef = AEEA52CF1B9E3EA00081BA97 /* Friend.m */; };
		B6C506DD61CD2E72093DF946 /* libPods-Pump.a in Frameworks */ = {isa = PBXBuildFile; fileRef = 99633532325669FEA5A87E5B /* libPods-Pump.a */; };
/* End PBXBuildFile section */

/* Begin PBXContainerItemProxy section */
		AE2F44A21B8E3C9D00F57579 /* PBXContainerItemProxy */ = {
			isa = PBXContainerItemProxy;
			containerPortal = AE2F44801B8E3C9D00F57579 /* Project object */;
			proxyType = 1;
			remoteGlobalIDString = AE2F44871B8E3C9D00F57579;
			remoteInfo = Pump;
		};
/* End PBXContainerItemProxy section */

/* Begin PBXFileReference section */
		923C3FCC1BDB1B2D0000E6F4 /* Bolts.framework */ = {isa = PBXFileReference; lastKnownFileType = wrapper.framework; name = Bolts.framework; path = "parse-library-1.9.0/Bolts.framework"; sourceTree = "<group>"; };
		923C3FCD1BDB1B2D0000E6F4 /* Parse.framework */ = {isa = PBXFileReference; lastKnownFileType = wrapper.framework; name = Parse.framework; path = "parse-library-1.9.0/Parse.framework"; sourceTree = "<group>"; };
		923C3FD01BDBEBEA0000E6F4 /* libsqlite3.tbd */ = {isa = PBXFileReference; lastKnownFileType = "sourcecode.text-based-dylib-definition"; name = libsqlite3.tbd; path = usr/lib/libsqlite3.tbd; sourceTree = SDKROOT; };
		923C3FD21BDBEBFD0000E6F4 /* libz.tbd */ = {isa = PBXFileReference; lastKnownFileType = "sourcecode.text-based-dylib-definition"; name = libz.tbd; path = usr/lib/libz.tbd; sourceTree = SDKROOT; };
		923C3FD51BDCA8A00000E6F4 /* HomeViewController.h */ = {isa = PBXFileReference; fileEncoding = 4; lastKnownFileType = sourcecode.c.h; path = HomeViewController.h; sourceTree = "<group>"; };
		923C3FD61BDCA8A00000E6F4 /* HomeViewController.m */ = {isa = PBXFileReference; fileEncoding = 4; lastKnownFileType = sourcecode.c.objc; path = HomeViewController.m; sourceTree = "<group>"; };
		923C3FD91BDCAA5C0000E6F4 /* BorrowTripViewController.h */ = {isa = PBXFileReference; fileEncoding = 4; lastKnownFileType = sourcecode.c.h; path = BorrowTripViewController.h; sourceTree = "<group>"; };
		923C3FDA1BDCAA5C0000E6F4 /* BorrowTripViewController.m */ = {isa = PBXFileReference; fileEncoding = 4; lastKnownFileType = sourcecode.c.objc; path = BorrowTripViewController.m; sourceTree = "<group>"; };
		92987F541BE04DE30076C817 /* PlacesSearchView.h */ = {isa = PBXFileReference; fileEncoding = 4; lastKnownFileType = sourcecode.c.h; path = PlacesSearchView.h; sourceTree = "<group>"; };
		92987F551BE04DE30076C817 /* PlacesSearchView.m */ = {isa = PBXFileReference; fileEncoding = 4; lastKnownFileType = sourcecode.c.objc; path = PlacesSearchView.m; sourceTree = "<group>"; };
		92987F571BE04F5B0076C817 /* PlacesTableViewCell.h */ = {isa = PBXFileReference; fileEncoding = 4; lastKnownFileType = sourcecode.c.h; path = PlacesTableViewCell.h; sourceTree = "<group>"; };
		92987F581BE04F5B0076C817 /* PlacesTableViewCell.m */ = {isa = PBXFileReference; fileEncoding = 4; lastKnownFileType = sourcecode.c.objc; path = PlacesTableViewCell.m; sourceTree = "<group>"; };
		92987F5B1BE079E40076C817 /* DirectionsManager.h */ = {isa = PBXFileReference; fileEncoding = 4; lastKnownFileType = sourcecode.c.h; path = DirectionsManager.h; sourceTree = "<group>"; };
		92987F5C1BE079E40076C817 /* DirectionsManager.m */ = {isa = PBXFileReference; fileEncoding = 4; lastKnownFileType = sourcecode.c.objc; path = DirectionsManager.m; sourceTree = "<group>"; };
		92EDC38D1BF2C196009988D1 /* FinishBorrowViewController.h */ = {isa = PBXFileReference; fileEncoding = 4; lastKnownFileType = sourcecode.c.h; path = FinishBorrowViewController.h; sourceTree = "<group>"; };
		92EDC38E1BF2C196009988D1 /* FinishBorrowViewController.m */ = {isa = PBXFileReference; fileEncoding = 4; lastKnownFileType = sourcecode.c.objc; path = FinishBorrowViewController.m; sourceTree = "<group>"; };
		92F1F30A1BDD6B45004B4728 /* NoCarViewController.h */ = {isa = PBXFileReference; fileEncoding = 4; lastKnownFileType = sourcecode.c.h; path = NoCarViewController.h; sourceTree = "<group>"; };
		92F1F30B1BDD6B45004B4728 /* NoCarViewController.m */ = {isa = PBXFileReference; fileEncoding = 4; lastKnownFileType = sourcecode.c.objc; path = NoCarViewController.m; sourceTree = "<group>"; };
		92F1F30D1BDDA655004B4728 /* FinishViewController.h */ = {isa = PBXFileReference; fileEncoding = 4; lastKnownFileType = sourcecode.c.h; path = FinishViewController.h; sourceTree = "<group>"; };
		92F1F30E1BDDA655004B4728 /* FinishViewController.m */ = {isa = PBXFileReference; fileEncoding = 4; lastKnownFileType = sourcecode.c.objc; path = FinishViewController.m; sourceTree = "<group>"; };
		92F5B97F1BDF4225009EE4B7 /* BorrowCarTableViewCell.h */ = {isa = PBXFileReference; fileEncoding = 4; lastKnownFileType = sourcecode.c.h; path = BorrowCarTableViewCell.h; sourceTree = "<group>"; };
		92F5B9801BDF4225009EE4B7 /* BorrowCarTableViewCell.m */ = {isa = PBXFileReference; fileEncoding = 4; lastKnownFileType = sourcecode.c.objc; path = BorrowCarTableViewCell.m; sourceTree = "<group>"; };
		92F5B9851BDF5C70009EE4B7 /* TripViewController.h */ = {isa = PBXFileReference; lastKnownFileType = sourcecode.c.h; path = TripViewController.h; sourceTree = "<group>"; };
		92F5B9861BDF5C70009EE4B7 /* TripViewController.m */ = {isa = PBXFileReference; lastKnownFileType = sourcecode.c.objc; path = TripViewController.m; sourceTree = "<group>"; };
		99633532325669FEA5A87E5B /* libPods-Pump.a */ = {isa = PBXFileReference; explicitFileType = archive.ar; includeInIndex = 0; path = "libPods-Pump.a"; sourceTree = BUILT_PRODUCTS_DIR; };
		AE14081C1BD8AC5C0086AE34 /* AudioToolbox.framework */ = {isa = PBXFileReference; lastKnownFileType = wrapper.framework; name = AudioToolbox.framework; path = System/Library/Frameworks/AudioToolbox.framework; sourceTree = SDKROOT; };
		AE14081E1BD8AC630086AE34 /* CFNetwork.framework */ = {isa = PBXFileReference; lastKnownFileType = wrapper.framework; name = CFNetwork.framework; path = System/Library/Frameworks/CFNetwork.framework; sourceTree = SDKROOT; };
		AE1408201BD8AC6D0086AE34 /* CoreGraphics.framework */ = {isa = PBXFileReference; lastKnownFileType = wrapper.framework; name = CoreGraphics.framework; path = System/Library/Frameworks/CoreGraphics.framework; sourceTree = SDKROOT; };
		AE1408221BD8AC890086AE34 /* CoreLocation.framework */ = {isa = PBXFileReference; lastKnownFileType = wrapper.framework; name = CoreLocation.framework; path = System/Library/Frameworks/CoreLocation.framework; sourceTree = SDKROOT; };
		AE1408241BD8AC920086AE34 /* QuartzCore.framework */ = {isa = PBXFileReference; lastKnownFileType = wrapper.framework; name = QuartzCore.framework; path = System/Library/Frameworks/QuartzCore.framework; sourceTree = SDKROOT; };
		AE1408261BD8AC9C0086AE34 /* Security.framework */ = {isa = PBXFileReference; lastKnownFileType = wrapper.framework; name = Security.framework; path = System/Library/Frameworks/Security.framework; sourceTree = SDKROOT; };
		AE1408281BD8ACA20086AE34 /* StoreKit.framework */ = {isa = PBXFileReference; lastKnownFileType = wrapper.framework; name = StoreKit.framework; path = System/Library/Frameworks/StoreKit.framework; sourceTree = SDKROOT; };
		AE14082A1BD8ACAC0086AE34 /* SystemConfiguration.framework */ = {isa = PBXFileReference; lastKnownFileType = wrapper.framework; name = SystemConfiguration.framework; path = System/Library/Frameworks/SystemConfiguration.framework; sourceTree = SDKROOT; };
		AE1408301BD8ACD60086AE34 /* Accounts.framework */ = {isa = PBXFileReference; lastKnownFileType = wrapper.framework; name = Accounts.framework; path = System/Library/Frameworks/Accounts.framework; sourceTree = SDKROOT; };
		AE1408321BD8ACDD0086AE34 /* Social.framework */ = {isa = PBXFileReference; lastKnownFileType = wrapper.framework; name = Social.framework; path = System/Library/Frameworks/Social.framework; sourceTree = SDKROOT; };
		AE1408341BD8B30C0086AE34 /* RegisterViewController.h */ = {isa = PBXFileReference; fileEncoding = 4; lastKnownFileType = sourcecode.c.h; path = RegisterViewController.h; sourceTree = "<group>"; };
		AE1408351BD8B30C0086AE34 /* RegisterViewController.m */ = {isa = PBXFileReference; fileEncoding = 4; lastKnownFileType = sourcecode.c.objc; path = RegisterViewController.m; sourceTree = "<group>"; };
		AE1408371BD8B3530086AE34 /* SignInViewController.h */ = {isa = PBXFileReference; fileEncoding = 4; lastKnownFileType = sourcecode.c.h; path = SignInViewController.h; sourceTree = "<group>"; };
		AE1408381BD8B3530086AE34 /* SignInViewController.m */ = {isa = PBXFileReference; fileEncoding = 4; lastKnownFileType = sourcecode.c.objc; path = SignInViewController.m; sourceTree = "<group>"; };
		AE14083A1BD8C9A40086AE34 /* ConnectWithVenmoViewController.h */ = {isa = PBXFileReference; fileEncoding = 4; lastKnownFileType = sourcecode.c.h; path = ConnectWithVenmoViewController.h; sourceTree = "<group>"; };
		AE14083B1BD8C9A40086AE34 /* ConnectWithVenmoViewController.m */ = {isa = PBXFileReference; fileEncoding = 4; lastKnownFileType = sourcecode.c.objc; path = ConnectWithVenmoViewController.m; sourceTree = "<group>"; };
		AE14083D1BD98D570086AE34 /* PhoneViewController.h */ = {isa = PBXFileReference; fileEncoding = 4; lastKnownFileType = sourcecode.c.h; path = PhoneViewController.h; sourceTree = "<group>"; };
		AE14083E1BD98D570086AE34 /* PhoneViewController.m */ = {isa = PBXFileReference; fileEncoding = 4; lastKnownFileType = sourcecode.c.objc; path = PhoneViewController.m; sourceTree = "<group>"; };
		AE1408401BD99FFD0086AE34 /* VerifyPhoneViewController.h */ = {isa = PBXFileReference; fileEncoding = 4; lastKnownFileType = sourcecode.c.h; path = VerifyPhoneViewController.h; sourceTree = "<group>"; };
		AE1408411BD99FFD0086AE34 /* VerifyPhoneViewController.m */ = {isa = PBXFileReference; fileEncoding = 4; lastKnownFileType = sourcecode.c.objc; path = VerifyPhoneViewController.m; sourceTree = "<group>"; };
		AE1408431BD9B3210086AE34 /* FindCarViewController.h */ = {isa = PBXFileReference; fileEncoding = 4; lastKnownFileType = sourcecode.c.h; path = FindCarViewController.h; sourceTree = "<group>"; };
		AE1408441BD9B3210086AE34 /* FindCarViewController.m */ = {isa = PBXFileReference; fileEncoding = 4; lastKnownFileType = sourcecode.c.objc; path = FindCarViewController.m; sourceTree = "<group>"; };
		AE1408461BD9B4890086AE34 /* CarYearViewController.h */ = {isa = PBXFileReference; fileEncoding = 4; lastKnownFileType = sourcecode.c.h; path = CarYearViewController.h; sourceTree = "<group>"; };
		AE1408471BD9B4890086AE34 /* CarYearViewController.m */ = {isa = PBXFileReference; fileEncoding = 4; lastKnownFileType = sourcecode.c.objc; path = CarYearViewController.m; sourceTree = "<group>"; };
		AE14084B1BDA0C4F0086AE34 /* CarMakeViewController.h */ = {isa = PBXFileReference; fileEncoding = 4; lastKnownFileType = sourcecode.c.h; path = CarMakeViewController.h; sourceTree = "<group>"; };
		AE14084C1BDA0C4F0086AE34 /* CarMakeViewController.m */ = {isa = PBXFileReference; fileEncoding = 4; lastKnownFileType = sourcecode.c.objc; path = CarMakeViewController.m; sourceTree = "<group>"; };
		AE14084E1BDA0F530086AE34 /* CarModelViewController.h */ = {isa = PBXFileReference; fileEncoding = 4; lastKnownFileType = sourcecode.c.h; path = CarModelViewController.h; sourceTree = "<group>"; };
		AE14084F1BDA0F530086AE34 /* CarModelViewController.m */ = {isa = PBXFileReference; fileEncoding = 4; lastKnownFileType = sourcecode.c.objc; path = CarModelViewController.m; sourceTree = "<group>"; };
		AE1408511BDA9F710086AE34 /* CustomMPGViewController.h */ = {isa = PBXFileReference; fileEncoding = 4; lastKnownFileType = sourcecode.c.h; path = CustomMPGViewController.h; sourceTree = "<group>"; };
		AE1408521BDA9F710086AE34 /* CustomMPGViewController.m */ = {isa = PBXFileReference; fileEncoding = 4; lastKnownFileType = sourcecode.c.objc; path = CustomMPGViewController.m; sourceTree = "<group>"; };
		AE14B5A41B994C7300398348 /* Database.h */ = {isa = PBXFileReference; fileEncoding = 4; lastKnownFileType = sourcecode.c.h; path = Database.h; sourceTree = "<group>"; };
		AE14B5A51B994C7400398348 /* Database.m */ = {isa = PBXFileReference; fileEncoding = 4; lastKnownFileType = sourcecode.c.objc; path = Database.m; sourceTree = "<group>"; };
		AE14B5A71B9A277D00398348 /* LoginViewController.h */ = {isa = PBXFileReference; fileEncoding = 4; lastKnownFileType = sourcecode.c.h; path = LoginViewController.h; sourceTree = "<group>"; };
		AE14B5A81B9A277D00398348 /* LoginViewController.m */ = {isa = PBXFileReference; fileEncoding = 4; lastKnownFileType = sourcecode.c.objc; path = LoginViewController.m; sourceTree = "<group>"; };
		AE14B61D1B9A89C400398348 /* Pods-Pump.debug.xcconfig */ = {isa = PBXFileReference; fileEncoding = 4; lastKnownFileType = text.xcconfig; name = "Pods-Pump.debug.xcconfig"; path = "Pods/Target Support Files/Pods-Pump/Pods-Pump.debug.xcconfig"; sourceTree = "<group>"; };
		AE14B61E1B9A89C400398348 /* Pods-Pump.release.xcconfig */ = {isa = PBXFileReference; fileEncoding = 4; lastKnownFileType = text.xcconfig; name = "Pods-Pump.release.xcconfig"; path = "Pods/Target Support Files/Pods-Pump/Pods-Pump.release.xcconfig"; sourceTree = "<group>"; };
		AE2F44881B8E3C9D00F57579 /* Pump.app */ = {isa = PBXFileReference; explicitFileType = wrapper.application; includeInIndex = 0; path = Pump.app; sourceTree = BUILT_PRODUCTS_DIR; };
		AE2F448C1B8E3C9D00F57579 /* Info.plist */ = {isa = PBXFileReference; lastKnownFileType = text.plist.xml; path = Info.plist; sourceTree = "<group>"; };
		AE2F448D1B8E3C9D00F57579 /* main.m */ = {isa = PBXFileReference; lastKnownFileType = sourcecode.c.objc; path = main.m; sourceTree = "<group>"; };
		AE2F448F1B8E3C9D00F57579 /* AppDelegate.h */ = {isa = PBXFileReference; lastKnownFileType = sourcecode.c.h; path = AppDelegate.h; sourceTree = "<group>"; };
		AE2F44901B8E3C9D00F57579 /* AppDelegate.m */ = {isa = PBXFileReference; lastKnownFileType = sourcecode.c.objc; path = AppDelegate.m; sourceTree = "<group>"; };
		AE2F44981B8E3C9D00F57579 /* Images.xcassets */ = {isa = PBXFileReference; lastKnownFileType = folder.assetcatalog; path = Images.xcassets; sourceTree = "<group>"; };
		AE2F44A11B8E3C9D00F57579 /* PumpTests.xctest */ = {isa = PBXFileReference; explicitFileType = wrapper.cfbundle; includeInIndex = 0; path = PumpTests.xctest; sourceTree = BUILT_PRODUCTS_DIR; };
		AE2F44A61B8E3C9D00F57579 /* Info.plist */ = {isa = PBXFileReference; lastKnownFileType = text.plist.xml; path = Info.plist; sourceTree = "<group>"; };
		AE2F44A71B8E3C9D00F57579 /* PumpTests.m */ = {isa = PBXFileReference; lastKnownFileType = sourcecode.c.objc; path = PumpTests.m; sourceTree = "<group>"; };
		AE2F44B71B8E3F9C00F57579 /* TripManager.h */ = {isa = PBXFileReference; fileEncoding = 4; lastKnownFileType = sourcecode.c.h; path = TripManager.h; sourceTree = "<group>"; };
		AE2F44B81B8E3F9C00F57579 /* TripManager.m */ = {isa = PBXFileReference; fileEncoding = 4; lastKnownFileType = sourcecode.c.objc; path = TripManager.m; sourceTree = "<group>"; };
		AE2F44BB1B8E406B00F57579 /* Constants.h */ = {isa = PBXFileReference; lastKnownFileType = sourcecode.c.h; path = Constants.h; sourceTree = "<group>"; };
		AE2F44BF1B8E4C1000F57579 /* Utils.h */ = {isa = PBXFileReference; fileEncoding = 4; lastKnownFileType = sourcecode.c.h; path = Utils.h; sourceTree = "<group>"; };
		AE2F44C01B8E4C1000F57579 /* Utils.m */ = {isa = PBXFileReference; fileEncoding = 4; lastKnownFileType = sourcecode.c.objc; path = Utils.m; sourceTree = "<group>"; };
		AE5FC0021BA6044E00A398FF /* ProfileViewController.h */ = {isa = PBXFileReference; fileEncoding = 4; lastKnownFileType = sourcecode.c.h; path = ProfileViewController.h; sourceTree = "<group>"; };
		AE5FC0031BA6044E00A398FF /* ProfileViewController.m */ = {isa = PBXFileReference; fileEncoding = 4; lastKnownFileType = sourcecode.c.objc; path = ProfileViewController.m; sourceTree = "<group>"; };
		AE5FC0051BA605CB00A398FF /* ProfileFriendTableViewCell.h */ = {isa = PBXFileReference; fileEncoding = 4; lastKnownFileType = sourcecode.c.h; path = ProfileFriendTableViewCell.h; sourceTree = "<group>"; };
		AE5FC0061BA605CB00A398FF /* ProfileFriendTableViewCell.m */ = {isa = PBXFileReference; fileEncoding = 4; lastKnownFileType = sourcecode.c.objc; path = ProfileFriendTableViewCell.m; sourceTree = "<group>"; };
		AE65D6B81B92979900FF4519 /* Default-568h@2x.png */ = {isa = PBXFileReference; lastKnownFileType = image.png; path = "Default-568h@2x.png"; sourceTree = "<group>"; };
		AE67F1561BA9E7260068CF72 /* TripsViewController.h */ = {isa = PBXFileReference; fileEncoding = 4; lastKnownFileType = sourcecode.c.h; path = TripsViewController.h; sourceTree = "<group>"; };
		AE67F1571BA9E7260068CF72 /* TripsViewController.m */ = {isa = PBXFileReference; fileEncoding = 4; lastKnownFileType = sourcecode.c.objc; path = TripsViewController.m; sourceTree = "<group>"; };
		AE67F1591BAA0AB30068CF72 /* TripInfoViewController.h */ = {isa = PBXFileReference; fileEncoding = 4; lastKnownFileType = sourcecode.c.h; path = TripInfoViewController.h; sourceTree = "<group>"; };
		AE67F15A1BAA0AB30068CF72 /* TripInfoViewController.m */ = {isa = PBXFileReference; fileEncoding = 4; lastKnownFileType = sourcecode.c.objc; path = TripInfoViewController.m; sourceTree = "<group>"; };
		AE737EF01BAC5895004A73E0 /* PendingOwnershipsViewController.h */ = {isa = PBXFileReference; fileEncoding = 4; lastKnownFileType = sourcecode.c.h; path = PendingOwnershipsViewController.h; sourceTree = "<group>"; };
		AE737EF11BAC5895004A73E0 /* PendingOwnershipsViewController.m */ = {isa = PBXFileReference; fileEncoding = 4; lastKnownFileType = sourcecode.c.objc; path = PendingOwnershipsViewController.m; sourceTree = "<group>"; };
		AE737EF41BAC5A3C004A73E0 /* PendingMembershipsViewController.h */ = {isa = PBXFileReference; fileEncoding = 4; lastKnownFileType = sourcecode.c.h; path = PendingMembershipsViewController.h; sourceTree = "<group>"; };
		AE737EF51BAC5A3C004A73E0 /* PendingMembershipsViewController.m */ = {isa = PBXFileReference; fileEncoding = 4; lastKnownFileType = sourcecode.c.objc; path = PendingMembershipsViewController.m; sourceTree = "<group>"; };
		AE737EF71BAC9344004A73E0 /* ChooseCarViewController.h */ = {isa = PBXFileReference; fileEncoding = 4; lastKnownFileType = sourcecode.c.h; path = ChooseCarViewController.h; sourceTree = "<group>"; };
		AE737EF81BAC9344004A73E0 /* ChooseCarViewController.m */ = {isa = PBXFileReference; fileEncoding = 4; lastKnownFileType = sourcecode.c.objc; path = ChooseCarViewController.m; sourceTree = "<group>"; };
		AEA31D671BCCF3CC00D08AF0 /* DecimalKeypad.h */ = {isa = PBXFileReference; fileEncoding = 4; lastKnownFileType = sourcecode.c.h; path = DecimalKeypad.h; sourceTree = "<group>"; };
		AEA31D681BCCF3CC00D08AF0 /* DecimalKeypad.m */ = {isa = PBXFileReference; fileEncoding = 4; lastKnownFileType = sourcecode.c.objc; path = DecimalKeypad.m; sourceTree = "<group>"; };
		AEA3DE491BB1049700F36830 /* TripHistoryViewController.h */ = {isa = PBXFileReference; fileEncoding = 4; lastKnownFileType = sourcecode.c.h; path = TripHistoryViewController.h; sourceTree = "<group>"; };
		AEA3DE4A1BB1049700F36830 /* TripHistoryViewController.m */ = {isa = PBXFileReference; fileEncoding = 4; lastKnownFileType = sourcecode.c.objc; path = TripHistoryViewController.m; sourceTree = "<group>"; };
		AEA3DE4C1BB28CC100F36830 /* TripRequestTableViewCell.h */ = {isa = PBXFileReference; fileEncoding = 4; lastKnownFileType = sourcecode.c.h; path = TripRequestTableViewCell.h; sourceTree = "<group>"; };
		AEA3DE4D1BB28CC100F36830 /* TripRequestTableViewCell.m */ = {isa = PBXFileReference; fileEncoding = 4; lastKnownFileType = sourcecode.c.objc; path = TripRequestTableViewCell.m; sourceTree = "<group>"; };
		AEA3DE4F1BB46DAA00F36830 /* SettingsViewController.h */ = {isa = PBXFileReference; fileEncoding = 4; lastKnownFileType = sourcecode.c.h; path = SettingsViewController.h; sourceTree = "<group>"; };
		AEA3DE501BB46DAA00F36830 /* SettingsViewController.m */ = {isa = PBXFileReference; fileEncoding = 4; lastKnownFileType = sourcecode.c.objc; path = SettingsViewController.m; sourceTree = "<group>"; };
		AEA3DE521BB49D1A00F36830 /* Storage.h */ = {isa = PBXFileReference; fileEncoding = 4; lastKnownFileType = sourcecode.c.h; path = Storage.h; sourceTree = "<group>"; };
		AEA3DE531BB49D1A00F36830 /* Storage.m */ = {isa = PBXFileReference; fileEncoding = 4; lastKnownFileType = sourcecode.c.objc; path = Storage.m; sourceTree = "<group>"; };
		AEA3DE551BB7703900F36830 /* SearchViewTableViewCell.h */ = {isa = PBXFileReference; fileEncoding = 4; lastKnownFileType = sourcecode.c.h; path = SearchViewTableViewCell.h; sourceTree = "<group>"; };
		AEA3DE561BB7703900F36830 /* SearchViewTableViewCell.m */ = {isa = PBXFileReference; fileEncoding = 4; lastKnownFileType = sourcecode.c.objc; path = SearchViewTableViewCell.m; sourceTree = "<group>"; };
		AEA930511BA86B710090981A /* PassengerView.h */ = {isa = PBXFileReference; fileEncoding = 4; lastKnownFileType = sourcecode.c.h; path = PassengerView.h; sourceTree = "<group>"; };
		AEA930521BA86B720090981A /* PassengerView.m */ = {isa = PBXFileReference; fileEncoding = 4; lastKnownFileType = sourcecode.c.objc; path = PassengerView.m; sourceTree = "<group>"; };
		AEA930541BA86D400090981A /* PassengerTableViewCell.h */ = {isa = PBXFileReference; fileEncoding = 4; lastKnownFileType = sourcecode.c.h; path = PassengerTableViewCell.h; sourceTree = "<group>"; };
		AEA930551BA86D400090981A /* PassengerTableViewCell.m */ = {isa = PBXFileReference; fileEncoding = 4; lastKnownFileType = sourcecode.c.objc; path = PassengerTableViewCell.m; sourceTree = "<group>"; };
		AEA930571BA876260090981A /* AddPassengersViewController.h */ = {isa = PBXFileReference; fileEncoding = 4; lastKnownFileType = sourcecode.c.h; path = AddPassengersViewController.h; sourceTree = "<group>"; };
		AEA930581BA876260090981A /* AddPassengersViewController.m */ = {isa = PBXFileReference; fileEncoding = 4; lastKnownFileType = sourcecode.c.objc; path = AddPassengersViewController.m; sourceTree = "<group>"; };
		AEC98B1B1B927B8900607E60 /* SearchUserView.h */ = {isa = PBXFileReference; fileEncoding = 4; lastKnownFileType = sourcecode.c.h; path = SearchUserView.h; sourceTree = "<group>"; };
		AEC98B1C1B927B8900607E60 /* SearchUserView.m */ = {isa = PBXFileReference; fileEncoding = 4; lastKnownFileType = sourcecode.c.objc; path = SearchUserView.m; sourceTree = "<group>"; };
		AEEA52C81B9D68AB0081BA97 /* UserManager.h */ = {isa = PBXFileReference; fileEncoding = 4; lastKnownFileType = sourcecode.c.h; path = UserManager.h; sourceTree = "<group>"; };
		AEEA52C91B9D68AB0081BA97 /* UserManager.m */ = {isa = PBXFileReference; fileEncoding = 4; lastKnownFileType = sourcecode.c.objc; path = UserManager.m; sourceTree = "<group>"; };
		AEEA52CC1B9D6DC30081BA97 /* Model.xcdatamodel */ = {isa = PBXFileReference; lastKnownFileType = wrapper.xcdatamodel; path = Model.xcdatamodel; sourceTree = "<group>"; };
		AEEA52CE1B9E3EA00081BA97 /* Friend.h */ = {isa = PBXFileReference; fileEncoding = 4; lastKnownFileType = sourcecode.c.h; name = Friend.h; path = ../Friend.h; sourceTree = "<group>"; };
		AEEA52CF1B9E3EA00081BA97 /* Friend.m */ = {isa = PBXFileReference; fileEncoding = 4; lastKnownFileType = sourcecode.c.objc; name = Friend.m; path = ../Friend.m; sourceTree = "<group>"; };
/* End PBXFileReference section */

/* Begin PBXFrameworksBuildPhase section */
		AE2F44851B8E3C9D00F57579 /* Frameworks */ = {
			isa = PBXFrameworksBuildPhase;
			buildActionMask = 2147483647;
			files = (
				923C3FD31BDBEBFD0000E6F4 /* libz.tbd in Frameworks */,
				923C3FD11BDBEBEA0000E6F4 /* libsqlite3.tbd in Frameworks */,
				AE1408331BD8ACDD0086AE34 /* Social.framework in Frameworks */,
				AE1408311BD8ACD60086AE34 /* Accounts.framework in Frameworks */,
				AE14082B1BD8ACAC0086AE34 /* SystemConfiguration.framework in Frameworks */,
				923C3FD41BDBEC550000E6F4 /* Parse.framework in Frameworks */,
				AE1408291BD8ACA20086AE34 /* StoreKit.framework in Frameworks */,
				AE1408271BD8AC9C0086AE34 /* Security.framework in Frameworks */,
				AE1408251BD8AC920086AE34 /* QuartzCore.framework in Frameworks */,
				AE1408231BD8AC890086AE34 /* CoreLocation.framework in Frameworks */,
				AE1408211BD8AC6D0086AE34 /* CoreGraphics.framework in Frameworks */,
				AE14081F1BD8AC630086AE34 /* CFNetwork.framework in Frameworks */,
				AE14081D1BD8AC5C0086AE34 /* AudioToolbox.framework in Frameworks */,
				B6C506DD61CD2E72093DF946 /* libPods-Pump.a in Frameworks */,
				923C3FCE1BDB1B2D0000E6F4 /* Bolts.framework in Frameworks */,
			);
			runOnlyForDeploymentPostprocessing = 0;
		};
		AE2F449E1B8E3C9D00F57579 /* Frameworks */ = {
			isa = PBXFrameworksBuildPhase;
			buildActionMask = 2147483647;
			files = (
			);
			runOnlyForDeploymentPostprocessing = 0;
		};
/* End PBXFrameworksBuildPhase section */

/* Begin PBXGroup section */
		878D3B5312F74D150C297499 /* Pods */ = {
			isa = PBXGroup;
			children = (
				AE14B61D1B9A89C400398348 /* Pods-Pump.debug.xcconfig */,
				AE14B61E1B9A89C400398348 /* Pods-Pump.release.xcconfig */,
			);
			name = Pods;
			sourceTree = "<group>";
		};
		92C68FD41BDD414D00F20263 /* Trip Home */ = {
			isa = PBXGroup;
			children = (
				92F5B9851BDF5C70009EE4B7 /* TripViewController.h */,
				92F5B9861BDF5C70009EE4B7 /* TripViewController.m */,
				923C3FD51BDCA8A00000E6F4 /* HomeViewController.h */,
				923C3FD61BDCA8A00000E6F4 /* HomeViewController.m */,
				923C3FD91BDCAA5C0000E6F4 /* BorrowTripViewController.h */,
				923C3FDA1BDCAA5C0000E6F4 /* BorrowTripViewController.m */,
				92F5B97F1BDF4225009EE4B7 /* BorrowCarTableViewCell.h */,
				92F5B9801BDF4225009EE4B7 /* BorrowCarTableViewCell.m */,
				92F1F30A1BDD6B45004B4728 /* NoCarViewController.h */,
				92F1F30B1BDD6B45004B4728 /* NoCarViewController.m */,
				92987F541BE04DE30076C817 /* PlacesSearchView.h */,
				92987F551BE04DE30076C817 /* PlacesSearchView.m */,
				92987F571BE04F5B0076C817 /* PlacesTableViewCell.h */,
				92987F581BE04F5B0076C817 /* PlacesTableViewCell.m */,
				92987F5B1BE079E40076C817 /* DirectionsManager.h */,
				92987F5C1BE079E40076C817 /* DirectionsManager.m */,
			);
			name = "Trip Home";
			sourceTree = "<group>";
		};
		A9646CE394B3B6E054CEF9BE /* Frameworks */ = {
			isa = PBXGroup;
			children = (
				923C3FD21BDBEBFD0000E6F4 /* libz.tbd */,
				923C3FD01BDBEBEA0000E6F4 /* libsqlite3.tbd */,
				923C3FCC1BDB1B2D0000E6F4 /* Bolts.framework */,
				923C3FCD1BDB1B2D0000E6F4 /* Parse.framework */,
				AE1408321BD8ACDD0086AE34 /* Social.framework */,
				AE1408301BD8ACD60086AE34 /* Accounts.framework */,
				AE14082A1BD8ACAC0086AE34 /* SystemConfiguration.framework */,
				AE1408281BD8ACA20086AE34 /* StoreKit.framework */,
				AE1408261BD8AC9C0086AE34 /* Security.framework */,
				AE1408241BD8AC920086AE34 /* QuartzCore.framework */,
				AE1408221BD8AC890086AE34 /* CoreLocation.framework */,
				AE1408201BD8AC6D0086AE34 /* CoreGraphics.framework */,
				AE14081E1BD8AC630086AE34 /* CFNetwork.framework */,
				AE14081C1BD8AC5C0086AE34 /* AudioToolbox.framework */,
				99633532325669FEA5A87E5B /* libPods-Pump.a */,
			);
			name = Frameworks;
			sourceTree = "<group>";
		};
		AE1408171BD8AB2A0086AE34 /* Login Flow */ = {
			isa = PBXGroup;
			children = (
				AE14B5A71B9A277D00398348 /* LoginViewController.h */,
				AE14B5A81B9A277D00398348 /* LoginViewController.m */,
				AE1408341BD8B30C0086AE34 /* RegisterViewController.h */,
				AE1408351BD8B30C0086AE34 /* RegisterViewController.m */,
				AE1408371BD8B3530086AE34 /* SignInViewController.h */,
				AE1408381BD8B3530086AE34 /* SignInViewController.m */,
				AE14083A1BD8C9A40086AE34 /* ConnectWithVenmoViewController.h */,
				AE14083B1BD8C9A40086AE34 /* ConnectWithVenmoViewController.m */,
				AE14083D1BD98D570086AE34 /* PhoneViewController.h */,
				AE14083E1BD98D570086AE34 /* PhoneViewController.m */,
				AE1408401BD99FFD0086AE34 /* VerifyPhoneViewController.h */,
				AE1408411BD99FFD0086AE34 /* VerifyPhoneViewController.m */,
				AE1408431BD9B3210086AE34 /* FindCarViewController.h */,
				AE1408441BD9B3210086AE34 /* FindCarViewController.m */,
				AE1408461BD9B4890086AE34 /* CarYearViewController.h */,
				AE1408471BD9B4890086AE34 /* CarYearViewController.m */,
				AE14084B1BDA0C4F0086AE34 /* CarMakeViewController.h */,
				AE14084C1BDA0C4F0086AE34 /* CarMakeViewController.m */,
				AE14084E1BDA0F530086AE34 /* CarModelViewController.h */,
				AE14084F1BDA0F530086AE34 /* CarModelViewController.m */,
				AE1408511BDA9F710086AE34 /* CustomMPGViewController.h */,
				AE1408521BDA9F710086AE34 /* CustomMPGViewController.m */,
			);
			name = "Login Flow";
			sourceTree = "<group>";
		};
		AE2F447F1B8E3C9D00F57579 = {
			isa = PBXGroup;
			children = (
				AE65D6B81B92979900FF4519 /* Default-568h@2x.png */,
				AE2F448A1B8E3C9D00F57579 /* Pump */,
				AE2F44A41B8E3C9D00F57579 /* PumpTests */,
				AE2F44891B8E3C9D00F57579 /* Products */,
				A9646CE394B3B6E054CEF9BE /* Frameworks */,
				878D3B5312F74D150C297499 /* Pods */,
			);
			sourceTree = "<group>";
		};
		AE2F44891B8E3C9D00F57579 /* Products */ = {
			isa = PBXGroup;
			children = (
				AE2F44881B8E3C9D00F57579 /* Pump.app */,
				AE2F44A11B8E3C9D00F57579 /* PumpTests.xctest */,
			);
			name = Products;
			sourceTree = "<group>";
		};
		AE2F448A1B8E3C9D00F57579 /* Pump */ = {
			isa = PBXGroup;
			children = (
				92C68FD41BDD414D00F20263 /* Trip Home */,
				AE1408171BD8AB2A0086AE34 /* Login Flow */,
				AE2F448F1B8E3C9D00F57579 /* AppDelegate.h */,
				AE2F44901B8E3C9D00F57579 /* AppDelegate.m */,
				AE2F44B71B8E3F9C00F57579 /* TripManager.h */,
				AE2F44B81B8E3F9C00F57579 /* TripManager.m */,
				AE2F44BB1B8E406B00F57579 /* Constants.h */,
				AE2F44BF1B8E4C1000F57579 /* Utils.h */,
				AE2F44C01B8E4C1000F57579 /* Utils.m */,
				AEC98B1B1B927B8900607E60 /* SearchUserView.h */,
				AEC98B1C1B927B8900607E60 /* SearchUserView.m */,
				AEA3DE551BB7703900F36830 /* SearchViewTableViewCell.h */,
				AEA3DE561BB7703900F36830 /* SearchViewTableViewCell.m */,
				AE2F44981B8E3C9D00F57579 /* Images.xcassets */,
				AEEA52CE1B9E3EA00081BA97 /* Friend.h */,
				AEEA52CF1B9E3EA00081BA97 /* Friend.m */,
				AE2F448B1B8E3C9D00F57579 /* Supporting Files */,
				AE14B5A41B994C7300398348 /* Database.h */,
				AE14B5A51B994C7400398348 /* Database.m */,
				AEEA52C81B9D68AB0081BA97 /* UserManager.h */,
				AEEA52C91B9D68AB0081BA97 /* UserManager.m */,
				AE5FC0021BA6044E00A398FF /* ProfileViewController.h */,
				AE5FC0031BA6044E00A398FF /* ProfileViewController.m */,
				AE5FC0051BA605CB00A398FF /* ProfileFriendTableViewCell.h */,
				AE5FC0061BA605CB00A398FF /* ProfileFriendTableViewCell.m */,
				AEA930511BA86B710090981A /* PassengerView.h */,
				AEA930521BA86B720090981A /* PassengerView.m */,
				AEA930541BA86D400090981A /* PassengerTableViewCell.h */,
				AEA930551BA86D400090981A /* PassengerTableViewCell.m */,
				AEA930571BA876260090981A /* AddPassengersViewController.h */,
				AEA930581BA876260090981A /* AddPassengersViewController.m */,
				AE67F1561BA9E7260068CF72 /* TripsViewController.h */,
				AE67F1571BA9E7260068CF72 /* TripsViewController.m */,
				AE67F1591BAA0AB30068CF72 /* TripInfoViewController.h */,
				AE67F15A1BAA0AB30068CF72 /* TripInfoViewController.m */,
				AE737EF01BAC5895004A73E0 /* PendingOwnershipsViewController.h */,
				AE737EF11BAC5895004A73E0 /* PendingOwnershipsViewController.m */,
				AE737EF41BAC5A3C004A73E0 /* PendingMembershipsViewController.h */,
				AE737EF51BAC5A3C004A73E0 /* PendingMembershipsViewController.m */,
				AE737EF71BAC9344004A73E0 /* ChooseCarViewController.h */,
				AE737EF81BAC9344004A73E0 /* ChooseCarViewController.m */,
				AEA3DE491BB1049700F36830 /* TripHistoryViewController.h */,
				AEA3DE4A1BB1049700F36830 /* TripHistoryViewController.m */,
				AEA3DE4C1BB28CC100F36830 /* TripRequestTableViewCell.h */,
				AEA3DE4D1BB28CC100F36830 /* TripRequestTableViewCell.m */,
				AEA3DE4F1BB46DAA00F36830 /* SettingsViewController.h */,
				AEA3DE501BB46DAA00F36830 /* SettingsViewController.m */,
				AEA3DE521BB49D1A00F36830 /* Storage.h */,
				AEA3DE531BB49D1A00F36830 /* Storage.m */,
				92EDC38D1BF2C196009988D1 /* FinishBorrowViewController.h */,
				92EDC38E1BF2C196009988D1 /* FinishBorrowViewController.m */,
				92F1F30D1BDDA655004B4728 /* FinishViewController.h */,
				92F1F30E1BDDA655004B4728 /* FinishViewController.m */,
				AEA31D671BCCF3CC00D08AF0 /* DecimalKeypad.h */,
				AEA31D681BCCF3CC00D08AF0 /* DecimalKeypad.m */,
			);
			path = Pump;
			sourceTree = "<group>";
		};
		AE2F448B1B8E3C9D00F57579 /* Supporting Files */ = {
			isa = PBXGroup;
			children = (
				AE2F448C1B8E3C9D00F57579 /* Info.plist */,
				AEEA52CB1B9D6DC30081BA97 /* Model.xcdatamodeld */,
				AE2F448D1B8E3C9D00F57579 /* main.m */,
			);
			name = "Supporting Files";
			sourceTree = "<group>";
		};
		AE2F44A41B8E3C9D00F57579 /* PumpTests */ = {
			isa = PBXGroup;
			children = (
				AE2F44A71B8E3C9D00F57579 /* PumpTests.m */,
				AE2F44A51B8E3C9D00F57579 /* Supporting Files */,
			);
			path = PumpTests;
			sourceTree = "<group>";
		};
		AE2F44A51B8E3C9D00F57579 /* Supporting Files */ = {
			isa = PBXGroup;
			children = (
				AE2F44A61B8E3C9D00F57579 /* Info.plist */,
			);
			name = "Supporting Files";
			sourceTree = "<group>";
		};
/* End PBXGroup section */

/* Begin PBXNativeTarget section */
		AE2F44871B8E3C9D00F57579 /* Pump */ = {
			isa = PBXNativeTarget;
			buildConfigurationList = AE2F44AB1B8E3C9D00F57579 /* Build configuration list for PBXNativeTarget "Pump" */;
			buildPhases = (
				B4FBFB6437D952AA89D9C4D9 /* Check Pods Manifest.lock */,
				AE2F44841B8E3C9D00F57579 /* Sources */,
				AE2F44851B8E3C9D00F57579 /* Frameworks */,
				AE2F44861B8E3C9D00F57579 /* Resources */,
				D75905A53967F0D51CB292CA /* Copy Pods Resources */,
				8DA1D95956BE1D97CD30B266 /* Embed Pods Frameworks */,
			);
			buildRules = (
			);
			dependencies = (
			);
			name = Pump;
			productName = Pump;
			productReference = AE2F44881B8E3C9D00F57579 /* Pump.app */;
			productType = "com.apple.product-type.application";
		};
		AE2F44A01B8E3C9D00F57579 /* PumpTests */ = {
			isa = PBXNativeTarget;
			buildConfigurationList = AE2F44AE1B8E3C9D00F57579 /* Build configuration list for PBXNativeTarget "PumpTests" */;
			buildPhases = (
				AE2F449D1B8E3C9D00F57579 /* Sources */,
				AE2F449E1B8E3C9D00F57579 /* Frameworks */,
				AE2F449F1B8E3C9D00F57579 /* Resources */,
			);
			buildRules = (
			);
			dependencies = (
				AE2F44A31B8E3C9D00F57579 /* PBXTargetDependency */,
			);
			name = PumpTests;
			productName = PumpTests;
			productReference = AE2F44A11B8E3C9D00F57579 /* PumpTests.xctest */;
			productType = "com.apple.product-type.bundle.unit-test";
		};
/* End PBXNativeTarget section */

/* Begin PBXProject section */
		AE2F44801B8E3C9D00F57579 /* Project object */ = {
			isa = PBXProject;
			attributes = {
				LastUpgradeCheck = 0710;
				ORGANIZATIONNAME = "Clay Jones";
				TargetAttributes = {
					AE2F44871B8E3C9D00F57579 = {
						CreatedOnToolsVersion = 6.4;
						DevelopmentTeam = CG5WBEU96D;
						SystemCapabilities = {
							com.apple.BackgroundModes = {
								enabled = 1;
							};
						};
					};
					AE2F44A01B8E3C9D00F57579 = {
						CreatedOnToolsVersion = 6.4;
						TestTargetID = AE2F44871B8E3C9D00F57579;
					};
				};
			};
			buildConfigurationList = AE2F44831B8E3C9D00F57579 /* Build configuration list for PBXProject "en" */;
			compatibilityVersion = "Xcode 3.2";
			developmentRegion = English;
			hasScannedForEncodings = 0;
			knownRegions = (
				en,
				Base,
			);
			mainGroup = AE2F447F1B8E3C9D00F57579;
			productRefGroup = AE2F44891B8E3C9D00F57579 /* Products */;
			projectDirPath = "";
			projectRoot = "";
			targets = (
				AE2F44871B8E3C9D00F57579 /* Pump */,
				AE2F44A01B8E3C9D00F57579 /* PumpTests */,
			);
		};
/* End PBXProject section */

/* Begin PBXResourcesBuildPhase section */
		AE2F44861B8E3C9D00F57579 /* Resources */ = {
			isa = PBXResourcesBuildPhase;
			buildActionMask = 2147483647;
			files = (
				AE65D6B91B92979900FF4519 /* Default-568h@2x.png in Resources */,
				AE2F44991B8E3C9D00F57579 /* Images.xcassets in Resources */,
			);
			runOnlyForDeploymentPostprocessing = 0;
		};
		AE2F449F1B8E3C9D00F57579 /* Resources */ = {
			isa = PBXResourcesBuildPhase;
			buildActionMask = 2147483647;
			files = (
			);
			runOnlyForDeploymentPostprocessing = 0;
		};
/* End PBXResourcesBuildPhase section */

/* Begin PBXShellScriptBuildPhase section */
		8DA1D95956BE1D97CD30B266 /* Embed Pods Frameworks */ = {
			isa = PBXShellScriptBuildPhase;
			buildActionMask = 2147483647;
			files = (
			);
			inputPaths = (
			);
			name = "Embed Pods Frameworks";
			outputPaths = (
			);
			runOnlyForDeploymentPostprocessing = 0;
			shellPath = /bin/sh;
			shellScript = "\"${SRCROOT}/Pods/Target Support Files/Pods-Pump/Pods-Pump-frameworks.sh\"\n";
			showEnvVarsInLog = 0;
		};
		B4FBFB6437D952AA89D9C4D9 /* Check Pods Manifest.lock */ = {
			isa = PBXShellScriptBuildPhase;
			buildActionMask = 2147483647;
			files = (
			);
			inputPaths = (
			);
			name = "Check Pods Manifest.lock";
			outputPaths = (
			);
			runOnlyForDeploymentPostprocessing = 0;
			shellPath = /bin/sh;
			shellScript = "diff \"${PODS_ROOT}/../Podfile.lock\" \"${PODS_ROOT}/Manifest.lock\" > /dev/null\nif [[ $? != 0 ]] ; then\n    cat << EOM\nerror: The sandbox is not in sync with the Podfile.lock. Run 'pod install' or update your CocoaPods installation.\nEOM\n    exit 1\nfi\n";
			showEnvVarsInLog = 0;
		};
		D75905A53967F0D51CB292CA /* Copy Pods Resources */ = {
			isa = PBXShellScriptBuildPhase;
			buildActionMask = 2147483647;
			files = (
			);
			inputPaths = (
			);
			name = "Copy Pods Resources";
			outputPaths = (
			);
			runOnlyForDeploymentPostprocessing = 0;
			shellPath = /bin/sh;
			shellScript = "\"${SRCROOT}/Pods/Target Support Files/Pods-Pump/Pods-Pump-resources.sh\"\n";
			showEnvVarsInLog = 0;
		};
/* End PBXShellScriptBuildPhase section */

/* Begin PBXSourcesBuildPhase section */
		AE2F44841B8E3C9D00F57579 /* Sources */ = {
			isa = PBXSourcesBuildPhase;
			buildActionMask = 2147483647;
			files = (
				92F5B9881BDF5C70009EE4B7 /* TripViewController.m in Sources */,
				AE1408421BD99FFD0086AE34 /* VerifyPhoneViewController.m in Sources */,
				AEA3DE4B1BB1049700F36830 /* TripHistoryViewController.m in Sources */,
				AE67F15B1BAA0AB30068CF72 /* TripInfoViewController.m in Sources */,
				AEA3DE511BB46DAA00F36830 /* SettingsViewController.m in Sources */,
				92F5B9811BDF4225009EE4B7 /* BorrowCarTableViewCell.m in Sources */,
				AEA3DE571BB7703900F36830 /* SearchViewTableViewCell.m in Sources */,
				AE2F44911B8E3C9D00F57579 /* AppDelegate.m in Sources */,
				AEEA52CA1B9D68AB0081BA97 /* UserManager.m in Sources */,
				AEA31D691BCCF3CC00D08AF0 /* DecimalKeypad.m in Sources */,
				AE1408501BDA0F530086AE34 /* CarModelViewController.m in Sources */,
				AE5FC0071BA605CB00A398FF /* ProfileFriendTableViewCell.m in Sources */,
				AE14083F1BD98D570086AE34 /* PhoneViewController.m in Sources */,
				AEA3DE541BB49D1A00F36830 /* Storage.m in Sources */,
				92987F561BE04DE30076C817 /* PlacesSearchView.m in Sources */,
				AE1408391BD8B3530086AE34 /* SignInViewController.m in Sources */,
				92EDC38F1BF2C196009988D1 /* FinishBorrowViewController.m in Sources */,
				923C3FDB1BDCAA5C0000E6F4 /* BorrowTripViewController.m in Sources */,
				AE14084D1BDA0C4F0086AE34 /* CarMakeViewController.m in Sources */,
				AEEA52D01B9E3EA00081BA97 /* Friend.m in Sources */,
				AE1408361BD8B30C0086AE34 /* RegisterViewController.m in Sources */,
				AE2F44B91B8E3F9C00F57579 /* TripManager.m in Sources */,
				AE1408531BDA9F710086AE34 /* CustomMPGViewController.m in Sources */,
				92987F591BE04F5B0076C817 /* PlacesTableViewCell.m in Sources */,
				AE14B5A91B9A277D00398348 /* LoginViewController.m in Sources */,
				AEC98B1D1B927B8900607E60 /* SearchUserView.m in Sources */,
				AE2F44C11B8E4C1000F57579 /* Utils.m in Sources */,
				AE14083C1BD8C9A40086AE34 /* ConnectWithVenmoViewController.m in Sources */,
				AE5FC0041BA6044E00A398FF /* ProfileViewController.m in Sources */,
				AE14B5A61B994C7400398348 /* Database.m in Sources */,
				AEA3DE4E1BB28CC100F36830 /* TripRequestTableViewCell.m in Sources */,
				AEA930591BA876260090981A /* AddPassengersViewController.m in Sources */,
				AE67F1581BA9E7260068CF72 /* TripsViewController.m in Sources */,
				AEEA52CD1B9D6DC30081BA97 /* Model.xcdatamodeld in Sources */,
				AE1408491BD9B4890086AE34 /* CarYearViewController.m in Sources */,
				AE737EF21BAC5895004A73E0 /* PendingOwnershipsViewController.m in Sources */,
				92987F5D1BE079E40076C817 /* DirectionsManager.m in Sources */,
				AE737EF61BAC5A3C004A73E0 /* PendingMembershipsViewController.m in Sources */,
				AE2F448E1B8E3C9D00F57579 /* main.m in Sources */,
				AE737EF91BAC9344004A73E0 /* ChooseCarViewController.m in Sources */,
				AEA930561BA86D400090981A /* PassengerTableViewCell.m in Sources */,
				92F1F30F1BDDA655004B4728 /* FinishViewController.m in Sources */,
				AE1408451BD9B3210086AE34 /* FindCarViewController.m in Sources */,
				92F1F30C1BDD6B45004B4728 /* NoCarViewController.m in Sources */,
				AEA930531BA86B720090981A /* PassengerView.m in Sources */,
				923C3FD71BDCA8A00000E6F4 /* HomeViewController.m in Sources */,
			);
			runOnlyForDeploymentPostprocessing = 0;
		};
		AE2F449D1B8E3C9D00F57579 /* Sources */ = {
			isa = PBXSourcesBuildPhase;
			buildActionMask = 2147483647;
			files = (
				AE2F44A81B8E3C9D00F57579 /* PumpTests.m in Sources */,
			);
			runOnlyForDeploymentPostprocessing = 0;
		};
/* End PBXSourcesBuildPhase section */

/* Begin PBXTargetDependency section */
		AE2F44A31B8E3C9D00F57579 /* PBXTargetDependency */ = {
			isa = PBXTargetDependency;
			target = AE2F44871B8E3C9D00F57579 /* Pump */;
			targetProxy = AE2F44A21B8E3C9D00F57579 /* PBXContainerItemProxy */;
		};
/* End PBXTargetDependency section */

/* Begin XCBuildConfiguration section */
		AE2F44A91B8E3C9D00F57579 /* Debug */ = {
			isa = XCBuildConfiguration;
			buildSettings = {
				ALWAYS_SEARCH_USER_PATHS = NO;
				CLANG_CXX_LANGUAGE_STANDARD = "gnu++0x";
				CLANG_CXX_LIBRARY = "libc++";
				CLANG_ENABLE_MODULES = YES;
				CLANG_ENABLE_OBJC_ARC = YES;
				CLANG_WARN_BOOL_CONVERSION = YES;
				CLANG_WARN_CONSTANT_CONVERSION = YES;
				CLANG_WARN_DIRECT_OBJC_ISA_USAGE = YES_ERROR;
				CLANG_WARN_EMPTY_BODY = YES;
				CLANG_WARN_ENUM_CONVERSION = YES;
				CLANG_WARN_INT_CONVERSION = YES;
				CLANG_WARN_OBJC_ROOT_CLASS = YES_ERROR;
				CLANG_WARN_UNREACHABLE_CODE = YES;
				CLANG_WARN__DUPLICATE_METHOD_MATCH = YES;
				"CODE_SIGN_IDENTITY[sdk=iphoneos*]" = "iPhone Developer";
				COPY_PHASE_STRIP = NO;
				DEBUG_INFORMATION_FORMAT = "dwarf-with-dsym";
				ENABLE_BITCODE = NO;
				ENABLE_STRICT_OBJC_MSGSEND = YES;
				ENABLE_TESTABILITY = YES;
				GCC_C_LANGUAGE_STANDARD = gnu99;
				GCC_DYNAMIC_NO_PIC = NO;
				GCC_NO_COMMON_BLOCKS = NO;
				GCC_OPTIMIZATION_LEVEL = 0;
				GCC_PREPROCESSOR_DEFINITIONS = (
					"DEBUG=1",
					"$(inherited)",
				);
				GCC_SYMBOLS_PRIVATE_EXTERN = NO;
				GCC_WARN_64_TO_32_BIT_CONVERSION = YES;
				GCC_WARN_ABOUT_RETURN_TYPE = YES_ERROR;
				GCC_WARN_UNDECLARED_SELECTOR = YES;
				GCC_WARN_UNINITIALIZED_AUTOS = YES_AGGRESSIVE;
				GCC_WARN_UNUSED_FUNCTION = YES;
				GCC_WARN_UNUSED_VARIABLE = YES;
				HEADER_SEARCH_PATHS = (
					/Applications/Xcode.app/Contents/Developer/Toolchains/XcodeDefault.xctoolchain/usr/include,
					"$(inherited)",
				);
				IPHONEOS_DEPLOYMENT_TARGET = 8.4;
				MTL_ENABLE_DEBUG_INFO = YES;
				ONLY_ACTIVE_ARCH = YES;
				SDKROOT = iphoneos;
			};
			name = Debug;
		};
		AE2F44AA1B8E3C9D00F57579 /* Release */ = {
			isa = XCBuildConfiguration;
			buildSettings = {
				ALWAYS_SEARCH_USER_PATHS = NO;
				CLANG_CXX_LANGUAGE_STANDARD = "gnu++0x";
				CLANG_CXX_LIBRARY = "libc++";
				CLANG_ENABLE_MODULES = YES;
				CLANG_ENABLE_OBJC_ARC = YES;
				CLANG_WARN_BOOL_CONVERSION = YES;
				CLANG_WARN_CONSTANT_CONVERSION = YES;
				CLANG_WARN_DIRECT_OBJC_ISA_USAGE = YES_ERROR;
				CLANG_WARN_EMPTY_BODY = YES;
				CLANG_WARN_ENUM_CONVERSION = YES;
				CLANG_WARN_INT_CONVERSION = YES;
				CLANG_WARN_OBJC_ROOT_CLASS = YES_ERROR;
				CLANG_WARN_UNREACHABLE_CODE = YES;
				CLANG_WARN__DUPLICATE_METHOD_MATCH = YES;
				"CODE_SIGN_IDENTITY[sdk=iphoneos*]" = "iPhone Developer";
				COPY_PHASE_STRIP = NO;
				DEBUG_INFORMATION_FORMAT = "dwarf-with-dsym";
				ENABLE_BITCODE = NO;
				ENABLE_NS_ASSERTIONS = NO;
				ENABLE_STRICT_OBJC_MSGSEND = YES;
				GCC_C_LANGUAGE_STANDARD = gnu99;
				GCC_NO_COMMON_BLOCKS = NO;
				GCC_WARN_64_TO_32_BIT_CONVERSION = YES;
				GCC_WARN_ABOUT_RETURN_TYPE = YES_ERROR;
				GCC_WARN_UNDECLARED_SELECTOR = YES;
				GCC_WARN_UNINITIALIZED_AUTOS = YES_AGGRESSIVE;
				GCC_WARN_UNUSED_FUNCTION = YES;
				GCC_WARN_UNUSED_VARIABLE = YES;
				HEADER_SEARCH_PATHS = (
					/Applications/Xcode.app/Contents/Developer/Toolchains/XcodeDefault.xctoolchain/usr/include,
					"$(inherited)",
				);
				IPHONEOS_DEPLOYMENT_TARGET = 8.4;
				MTL_ENABLE_DEBUG_INFO = NO;
				SDKROOT = iphoneos;
				VALIDATE_PRODUCT = YES;
			};
			name = Release;
		};
		AE2F44AC1B8E3C9D00F57579 /* Debug */ = {
			isa = XCBuildConfiguration;
			baseConfigurationReference = AE14B61D1B9A89C400398348 /* Pods-Pump.debug.xcconfig */;
			buildSettings = {
				ASSETCATALOG_COMPILER_APPICON_NAME = AppIcon;
				CODE_SIGN_IDENTITY = "iPhone Developer";
				"CODE_SIGN_IDENTITY[sdk=iphoneos*]" = "iPhone Developer";
				FRAMEWORK_SEARCH_PATHS = (
					"$(inherited)",
					"/Users/elizabethjones/Downloads/parse-library-1.9.0",
					"$(PROJECT_DIR)/parse-library-1.9.0",
				);
				GCC_NO_COMMON_BLOCKS = NO;
				INFOPLIST_FILE = Pump/Info.plist;
				IPHONEOS_DEPLOYMENT_TARGET = 9.0;
				LD_RUNPATH_SEARCH_PATHS = "$(inherited) @executable_path/Frameworks";
				PRODUCT_BUNDLE_IDENTIFIER = "Clay-Jones.$(PRODUCT_NAME:rfc1034identifier)";
				PRODUCT_NAME = "$(TARGET_NAME)";
				PROVISIONING_PROFILE = "";
			};
			name = Debug;
		};
		AE2F44AD1B8E3C9D00F57579 /* Release */ = {
			isa = XCBuildConfiguration;
			baseConfigurationReference = AE14B61E1B9A89C400398348 /* Pods-Pump.release.xcconfig */;
			buildSettings = {
				ASSETCATALOG_COMPILER_APPICON_NAME = AppIcon;
				CODE_SIGN_IDENTITY = "iPhone Developer";
				"CODE_SIGN_IDENTITY[sdk=iphoneos*]" = "iPhone Developer";
				FRAMEWORK_SEARCH_PATHS = (
					"$(inherited)",
					"/Users/elizabethjones/Downloads/parse-library-1.9.0",
					"$(PROJECT_DIR)/parse-library-1.9.0",
				);
				GCC_NO_COMMON_BLOCKS = NO;
				INFOPLIST_FILE = Pump/Info.plist;
				IPHONEOS_DEPLOYMENT_TARGET = 9.0;
				LD_RUNPATH_SEARCH_PATHS = "$(inherited) @executable_path/Frameworks";
				PRODUCT_BUNDLE_IDENTIFIER = "Clay-Jones.$(PRODUCT_NAME:rfc1034identifier)";
				PRODUCT_NAME = "$(TARGET_NAME)";
				PROVISIONING_PROFILE = "";
			};
			name = Release;
		};
		AE2F44AF1B8E3C9D00F57579 /* Debug */ = {
			isa = XCBuildConfiguration;
			buildSettings = {
				BUNDLE_LOADER = "$(TEST_HOST)";
				FRAMEWORK_SEARCH_PATHS = (
					"$(SDKROOT)/Developer/Library/Frameworks",
					"$(inherited)",
				);
				GCC_PREPROCESSOR_DEFINITIONS = (
					"DEBUG=1",
					"$(inherited)",
				);
				INFOPLIST_FILE = PumpTests/Info.plist;
				LD_RUNPATH_SEARCH_PATHS = "$(inherited) @executable_path/Frameworks @loader_path/Frameworks";
				PRODUCT_BUNDLE_IDENTIFIER = "Clay-Jones.$(PRODUCT_NAME:rfc1034identifier)";
				PRODUCT_NAME = "$(TARGET_NAME)";
				TEST_HOST = "$(BUILT_PRODUCTS_DIR)/Pump.app/Pump";
			};
			name = Debug;
		};
		AE2F44B01B8E3C9D00F57579 /* Release */ = {
			isa = XCBuildConfiguration;
			buildSettings = {
				BUNDLE_LOADER = "$(TEST_HOST)";
				FRAMEWORK_SEARCH_PATHS = (
					"$(SDKROOT)/Developer/Library/Frameworks",
					"$(inherited)",
				);
				INFOPLIST_FILE = PumpTests/Info.plist;
				LD_RUNPATH_SEARCH_PATHS = "$(inherited) @executable_path/Frameworks @loader_path/Frameworks";
				PRODUCT_BUNDLE_IDENTIFIER = "Clay-Jones.$(PRODUCT_NAME:rfc1034identifier)";
				PRODUCT_NAME = "$(TARGET_NAME)";
				TEST_HOST = "$(BUILT_PRODUCTS_DIR)/Pump.app/Pump";
			};
			name = Release;
		};
/* End XCBuildConfiguration section */

/* Begin XCConfigurationList section */
		AE2F44831B8E3C9D00F57579 /* Build configuration list for PBXProject "en" */ = {
			isa = XCConfigurationList;
			buildConfigurations = (
				AE2F44A91B8E3C9D00F57579 /* Debug */,
				AE2F44AA1B8E3C9D00F57579 /* Release */,
			);
			defaultConfigurationIsVisible = 0;
			defaultConfigurationName = Release;
		};
		AE2F44AB1B8E3C9D00F57579 /* Build configuration list for PBXNativeTarget "Pump" */ = {
			isa = XCConfigurationList;
			buildConfigurations = (
				AE2F44AC1B8E3C9D00F57579 /* Debug */,
				AE2F44AD1B8E3C9D00F57579 /* Release */,
			);
			defaultConfigurationIsVisible = 0;
			defaultConfigurationName = Release;
		};
		AE2F44AE1B8E3C9D00F57579 /* Build configuration list for PBXNativeTarget "PumpTests" */ = {
			isa = XCConfigurationList;
			buildConfigurations = (
				AE2F44AF1B8E3C9D00F57579 /* Debug */,
				AE2F44B01B8E3C9D00F57579 /* Release */,
			);
			defaultConfigurationIsVisible = 0;
			defaultConfigurationName = Release;
		};
/* End XCConfigurationList section */

/* Begin XCVersionGroup section */
		AEEA52CB1B9D6DC30081BA97 /* Model.xcdatamodeld */ = {
			isa = XCVersionGroup;
			children = (
				AEEA52CC1B9D6DC30081BA97 /* Model.xcdatamodel */,
			);
			currentVersion = AEEA52CC1B9D6DC30081BA97 /* Model.xcdatamodel */;
			path = Model.xcdatamodeld;
			sourceTree = "<group>";
			versionGroupType = wrapper.xcdatamodel;
		};
/* End XCVersionGroup section */
	};
	rootObject = AE2F44801B8E3C9D00F57579 /* Project object */;
}
