// !$*UTF8*$!
{
	archiveVersion = 1;
	classes = {
	};
	objectVersion = 46;
	objects = {

/* Begin PBXBuildFile section */
		406A1F8828F1BB1CEA295872 /* libPods-Pump.a in Frameworks */ = {isa = PBXBuildFile; fileRef = 19D28EC871CB1BDFBF350D92 /* libPods-Pump.a */; };
		AE2F448E1B8E3C9D00F57579 /* main.m in Sources */ = {isa = PBXBuildFile; fileRef = AE2F448D1B8E3C9D00F57579 /* main.m */; };
		AE2F44911B8E3C9D00F57579 /* AppDelegate.m in Sources */ = {isa = PBXBuildFile; fileRef = AE2F44901B8E3C9D00F57579 /* AppDelegate.m */; };
		AE2F44991B8E3C9D00F57579 /* Images.xcassets in Resources */ = {isa = PBXBuildFile; fileRef = AE2F44981B8E3C9D00F57579 /* Images.xcassets */; };
		AE2F44A81B8E3C9D00F57579 /* PumpTests.m in Sources */ = {isa = PBXBuildFile; fileRef = AE2F44A71B8E3C9D00F57579 /* PumpTests.m */; };
		AE2F44B61B8E3D7A00F57579 /* TripViewController.m in Sources */ = {isa = PBXBuildFile; fileRef = AE2F44B51B8E3D7A00F57579 /* TripViewController.m */; };
		AE2F44B91B8E3F9C00F57579 /* TripManager.m in Sources */ = {isa = PBXBuildFile; fileRef = AE2F44B81B8E3F9C00F57579 /* TripManager.m */; };
		AE2F44C11B8E4C1000F57579 /* Utils.m in Sources */ = {isa = PBXBuildFile; fileRef = AE2F44C01B8E4C1000F57579 /* Utils.m */; };
		AE65D6B91B92979900FF4519 /* Default-568h@2x.png in Resources */ = {isa = PBXBuildFile; fileRef = AE65D6B81B92979900FF4519 /* Default-568h@2x.png */; };
		AE65D6BC1B92F9EF00FF4519 /* CreateNewRequest.m in Sources */ = {isa = PBXBuildFile; fileRef = AE65D6BB1B92F9EF00FF4519 /* CreateNewRequest.m */; };
		AE65D6BF1B93D6F300FF4519 /* VenmoFriend.m in Sources */ = {isa = PBXBuildFile; fileRef = AE65D6BE1B93D6F300FF4519 /* VenmoFriend.m */; };
		AEC98B1D1B927B8900607E60 /* SearchUserView.m in Sources */ = {isa = PBXBuildFile; fileRef = AEC98B1C1B927B8900607E60 /* SearchUserView.m */; };
		AEC98B1F1B9287DE00607E60 /* VENTokenField in Resources */ = {isa = PBXBuildFile; fileRef = AEC98B1E1B9287DE00607E60 /* VENTokenField */; };
		AEC98B211B92882500607E60 /* KLCPopup in Resources */ = {isa = PBXBuildFile; fileRef = AEC98B201B92882500607E60 /* KLCPopup */; };
/* End PBXBuildFile section */

/* Begin PBXContainerItemProxy section */
		AE2F44A21B8E3C9D00F57579 /* PBXContainerItemProxy */ = {
			isa = PBXContainerItemProxy;
			containerPortal = AE2F44801B8E3C9D00F57579 /* Project object */;
			proxyType = 1;
			remoteGlobalIDString = AE2F44871B8E3C9D00F57579;
			remoteInfo = Pump;
		};
/* End PBXContainerItemProxy section */

/* Begin PBXFileReference section */
		19D28EC871CB1BDFBF350D92 /* libPods-Pump.a */ = {isa = PBXFileReference; explicitFileType = archive.ar; includeInIndex = 0; path = "libPods-Pump.a"; sourceTree = BUILT_PRODUCTS_DIR; };
		A04805ECEAF76BE8CAB45742 /* Pods-Pump.release.xcconfig */ = {isa = PBXFileReference; includeInIndex = 1; lastKnownFileType = text.xcconfig; name = "Pods-Pump.release.xcconfig"; path = "Pods/Target Support Files/Pods-Pump/Pods-Pump.release.xcconfig"; sourceTree = "<group>"; };
		AE2F44881B8E3C9D00F57579 /* Pump.app */ = {isa = PBXFileReference; explicitFileType = wrapper.application; includeInIndex = 0; path = Pump.app; sourceTree = BUILT_PRODUCTS_DIR; };
		AE2F448C1B8E3C9D00F57579 /* Info.plist */ = {isa = PBXFileReference; lastKnownFileType = text.plist.xml; path = Info.plist; sourceTree = "<group>"; };
		AE2F448D1B8E3C9D00F57579 /* main.m */ = {isa = PBXFileReference; lastKnownFileType = sourcecode.c.objc; path = main.m; sourceTree = "<group>"; };
		AE2F448F1B8E3C9D00F57579 /* AppDelegate.h */ = {isa = PBXFileReference; lastKnownFileType = sourcecode.c.h; path = AppDelegate.h; sourceTree = "<group>"; };
		AE2F44901B8E3C9D00F57579 /* AppDelegate.m */ = {isa = PBXFileReference; lastKnownFileType = sourcecode.c.objc; path = AppDelegate.m; sourceTree = "<group>"; };
		AE2F44981B8E3C9D00F57579 /* Images.xcassets */ = {isa = PBXFileReference; lastKnownFileType = folder.assetcatalog; path = Images.xcassets; sourceTree = "<group>"; };
		AE2F44A11B8E3C9D00F57579 /* PumpTests.xctest */ = {isa = PBXFileReference; explicitFileType = wrapper.cfbundle; includeInIndex = 0; path = PumpTests.xctest; sourceTree = BUILT_PRODUCTS_DIR; };
		AE2F44A61B8E3C9D00F57579 /* Info.plist */ = {isa = PBXFileReference; lastKnownFileType = text.plist.xml; path = Info.plist; sourceTree = "<group>"; };
		AE2F44A71B8E3C9D00F57579 /* PumpTests.m */ = {isa = PBXFileReference; lastKnownFileType = sourcecode.c.objc; path = PumpTests.m; sourceTree = "<group>"; };
		AE2F44B41B8E3D7A00F57579 /* TripViewController.h */ = {isa = PBXFileReference; fileEncoding = 4; lastKnownFileType = sourcecode.c.h; name = TripViewController.h; path = ../TripViewController.h; sourceTree = "<group>"; };
		AE2F44B51B8E3D7A00F57579 /* TripViewController.m */ = {isa = PBXFileReference; fileEncoding = 4; lastKnownFileType = sourcecode.c.objc; name = TripViewController.m; path = ../TripViewController.m; sourceTree = "<group>"; };
		AE2F44B71B8E3F9C00F57579 /* TripManager.h */ = {isa = PBXFileReference; fileEncoding = 4; lastKnownFileType = sourcecode.c.h; path = TripManager.h; sourceTree = "<group>"; };
		AE2F44B81B8E3F9C00F57579 /* TripManager.m */ = {isa = PBXFileReference; fileEncoding = 4; lastKnownFileType = sourcecode.c.objc; path = TripManager.m; sourceTree = "<group>"; };
		AE2F44BB1B8E406B00F57579 /* Constants.h */ = {isa = PBXFileReference; lastKnownFileType = sourcecode.c.h; path = Constants.h; sourceTree = "<group>"; };
		AE2F44BF1B8E4C1000F57579 /* Utils.h */ = {isa = PBXFileReference; fileEncoding = 4; lastKnownFileType = sourcecode.c.h; path = Utils.h; sourceTree = "<group>"; };
		AE2F44C01B8E4C1000F57579 /* Utils.m */ = {isa = PBXFileReference; fileEncoding = 4; lastKnownFileType = sourcecode.c.objc; path = Utils.m; sourceTree = "<group>"; };
		AE65D6B81B92979900FF4519 /* Default-568h@2x.png */ = {isa = PBXFileReference; lastKnownFileType = image.png; path = "Default-568h@2x.png"; sourceTree = "<group>"; };
		AE65D6BA1B92F9EF00FF4519 /* CreateNewRequest.h */ = {isa = PBXFileReference; fileEncoding = 4; lastKnownFileType = sourcecode.c.h; path = CreateNewRequest.h; sourceTree = "<group>"; };
		AE65D6BB1B92F9EF00FF4519 /* CreateNewRequest.m */ = {isa = PBXFileReference; fileEncoding = 4; lastKnownFileType = sourcecode.c.objc; path = CreateNewRequest.m; sourceTree = "<group>"; };
		AE65D6BD1B93D6F300FF4519 /* VenmoFriend.h */ = {isa = PBXFileReference; fileEncoding = 4; lastKnownFileType = sourcecode.c.h; path = VenmoFriend.h; sourceTree = "<group>"; };
		AE65D6BE1B93D6F300FF4519 /* VenmoFriend.m */ = {isa = PBXFileReference; fileEncoding = 4; lastKnownFileType = sourcecode.c.objc; path = VenmoFriend.m; sourceTree = "<group>"; };
		AEC98B1B1B927B8900607E60 /* SearchUserView.h */ = {isa = PBXFileReference; fileEncoding = 4; lastKnownFileType = sourcecode.c.h; path = SearchUserView.h; sourceTree = "<group>"; };
		AEC98B1C1B927B8900607E60 /* SearchUserView.m */ = {isa = PBXFileReference; fileEncoding = 4; lastKnownFileType = sourcecode.c.objc; path = SearchUserView.m; sourceTree = "<group>"; };
		AEC98B1E1B9287DE00607E60 /* VENTokenField */ = {isa = PBXFileReference; lastKnownFileType = folder; name = VENTokenField; path = "../../../Downloads/VENTokenField-master/VENTokenField"; sourceTree = "<group>"; };
		AEC98B201B92882500607E60 /* KLCPopup */ = {isa = PBXFileReference; lastKnownFileType = folder; name = KLCPopup; path = "../../../Downloads/KLCPopup-master/KLCPopup"; sourceTree = "<group>"; };
		DDDC3F0DD874346966F3DE62 /* Pods-Pump.debug.xcconfig */ = {isa = PBXFileReference; includeInIndex = 1; lastKnownFileType = text.xcconfig; name = "Pods-Pump.debug.xcconfig"; path = "Pods/Target Support Files/Pods-Pump/Pods-Pump.debug.xcconfig"; sourceTree = "<group>"; };
/* End PBXFileReference section */

/* Begin PBXFrameworksBuildPhase section */
		AE2F44851B8E3C9D00F57579 /* Frameworks */ = {
			isa = PBXFrameworksBuildPhase;
			buildActionMask = 2147483647;
			files = (
				406A1F8828F1BB1CEA295872 /* libPods-Pump.a in Frameworks */,
			);
			runOnlyForDeploymentPostprocessing = 0;
		};
		AE2F449E1B8E3C9D00F57579 /* Frameworks */ = {
			isa = PBXFrameworksBuildPhase;
			buildActionMask = 2147483647;
			files = (
			);
			runOnlyForDeploymentPostprocessing = 0;
		};
/* End PBXFrameworksBuildPhase section */

/* Begin PBXGroup section */
		878D3B5312F74D150C297499 /* Pods */ = {
			isa = PBXGroup;
			children = (
				DDDC3F0DD874346966F3DE62 /* Pods-Pump.debug.xcconfig */,
				A04805ECEAF76BE8CAB45742 /* Pods-Pump.release.xcconfig */,
			);
			name = Pods;
			sourceTree = "<group>";
		};
		A9646CE394B3B6E054CEF9BE /* Frameworks */ = {
			isa = PBXGroup;
			children = (
				AEC98B1E1B9287DE00607E60 /* VENTokenField */,
				AEC98B201B92882500607E60 /* KLCPopup */,
				19D28EC871CB1BDFBF350D92 /* libPods-Pump.a */,
			);
			name = Frameworks;
			sourceTree = "<group>";
		};
		AE2F447F1B8E3C9D00F57579 = {
			isa = PBXGroup;
			children = (
				AE65D6B81B92979900FF4519 /* Default-568h@2x.png */,
				AE2F448A1B8E3C9D00F57579 /* Pump */,
				AE2F44A41B8E3C9D00F57579 /* PumpTests */,
				AE2F44891B8E3C9D00F57579 /* Products */,
				A9646CE394B3B6E054CEF9BE /* Frameworks */,
				878D3B5312F74D150C297499 /* Pods */,
			);
			sourceTree = "<group>";
		};
		AE2F44891B8E3C9D00F57579 /* Products */ = {
			isa = PBXGroup;
			children = (
				AE2F44881B8E3C9D00F57579 /* Pump.app */,
				AE2F44A11B8E3C9D00F57579 /* PumpTests.xctest */,
			);
			name = Products;
			sourceTree = "<group>";
		};
		AE2F448A1B8E3C9D00F57579 /* Pump */ = {
			isa = PBXGroup;
			children = (
				AE2F448F1B8E3C9D00F57579 /* AppDelegate.h */,
				AE2F44901B8E3C9D00F57579 /* AppDelegate.m */,
				AE2F44B41B8E3D7A00F57579 /* TripViewController.h */,
				AE2F44B51B8E3D7A00F57579 /* TripViewController.m */,
				AE2F44B71B8E3F9C00F57579 /* TripManager.h */,
				AE2F44B81B8E3F9C00F57579 /* TripManager.m */,
				AE2F44BB1B8E406B00F57579 /* Constants.h */,
				AE2F44BF1B8E4C1000F57579 /* Utils.h */,
				AE2F44C01B8E4C1000F57579 /* Utils.m */,
				AEC98B1B1B927B8900607E60 /* SearchUserView.h */,
				AEC98B1C1B927B8900607E60 /* SearchUserView.m */,
				AE65D6BA1B92F9EF00FF4519 /* CreateNewRequest.h */,
				AE65D6BB1B92F9EF00FF4519 /* CreateNewRequest.m */,
				AE65D6BD1B93D6F300FF4519 /* VenmoFriend.h */,
				AE65D6BE1B93D6F300FF4519 /* VenmoFriend.m */,
				AE2F44981B8E3C9D00F57579 /* Images.xcassets */,
				AE2F448B1B8E3C9D00F57579 /* Supporting Files */,
			);
			path = Pump;
			sourceTree = "<group>";
		};
		AE2F448B1B8E3C9D00F57579 /* Supporting Files */ = {
			isa = PBXGroup;
			children = (
				AE2F448C1B8E3C9D00F57579 /* Info.plist */,
				AE2F448D1B8E3C9D00F57579 /* main.m */,
			);
			name = "Supporting Files";
			sourceTree = "<group>";
		};
		AE2F44A41B8E3C9D00F57579 /* PumpTests */ = {
			isa = PBXGroup;
			children = (
				AE2F44A71B8E3C9D00F57579 /* PumpTests.m */,
				AE2F44A51B8E3C9D00F57579 /* Supporting Files */,
			);
			path = PumpTests;
			sourceTree = "<group>";
		};
		AE2F44A51B8E3C9D00F57579 /* Supporting Files */ = {
			isa = PBXGroup;
			children = (
				AE2F44A61B8E3C9D00F57579 /* Info.plist */,
			);
			name = "Supporting Files";
			sourceTree = "<group>";
		};
/* End PBXGroup section */

/* Begin PBXNativeTarget section */
		AE2F44871B8E3C9D00F57579 /* Pump */ = {
			isa = PBXNativeTarget;
			buildConfigurationList = AE2F44AB1B8E3C9D00F57579 /* Build configuration list for PBXNativeTarget "Pump" */;
			buildPhases = (
				B4FBFB6437D952AA89D9C4D9 /* Check Pods Manifest.lock */,
				AE2F44841B8E3C9D00F57579 /* Sources */,
				AE2F44851B8E3C9D00F57579 /* Frameworks */,
				AE2F44861B8E3C9D00F57579 /* Resources */,
				D75905A53967F0D51CB292CA /* Copy Pods Resources */,
			);
			buildRules = (
			);
			dependencies = (
			);
			name = Pump;
			productName = Pump;
			productReference = AE2F44881B8E3C9D00F57579 /* Pump.app */;
			productType = "com.apple.product-type.application";
		};
		AE2F44A01B8E3C9D00F57579 /* PumpTests */ = {
			isa = PBXNativeTarget;
			buildConfigurationList = AE2F44AE1B8E3C9D00F57579 /* Build configuration list for PBXNativeTarget "PumpTests" */;
			buildPhases = (
				AE2F449D1B8E3C9D00F57579 /* Sources */,
				AE2F449E1B8E3C9D00F57579 /* Frameworks */,
				AE2F449F1B8E3C9D00F57579 /* Resources */,
			);
			buildRules = (
			);
			dependencies = (
				AE2F44A31B8E3C9D00F57579 /* PBXTargetDependency */,
			);
			name = PumpTests;
			productName = PumpTests;
			productReference = AE2F44A11B8E3C9D00F57579 /* PumpTests.xctest */;
			productType = "com.apple.product-type.bundle.unit-test";
		};
/* End PBXNativeTarget section */

/* Begin PBXProject section */
		AE2F44801B8E3C9D00F57579 /* Project object */ = {
			isa = PBXProject;
			attributes = {
				LastUpgradeCheck = 0640;
				ORGANIZATIONNAME = "Clay Jones";
				TargetAttributes = {
					AE2F44871B8E3C9D00F57579 = {
						CreatedOnToolsVersion = 6.4;
					};
					AE2F44A01B8E3C9D00F57579 = {
						CreatedOnToolsVersion = 6.4;
						TestTargetID = AE2F44871B8E3C9D00F57579;
					};
				};
			};
			buildConfigurationList = AE2F44831B8E3C9D00F57579 /* Build configuration list for PBXProject "Pump" */;
			compatibilityVersion = "Xcode 3.2";
			developmentRegion = English;
			hasScannedForEncodings = 0;
			knownRegions = (
				en,
				Base,
			);
			mainGroup = AE2F447F1B8E3C9D00F57579;
			productRefGroup = AE2F44891B8E3C9D00F57579 /* Products */;
			projectDirPath = "";
			projectRoot = "";
			targets = (
				AE2F44871B8E3C9D00F57579 /* Pump */,
				AE2F44A01B8E3C9D00F57579 /* PumpTests */,
			);
		};
/* End PBXProject section */

/* Begin PBXResourcesBuildPhase section */
		AE2F44861B8E3C9D00F57579 /* Resources */ = {
			isa = PBXResourcesBuildPhase;
			buildActionMask = 2147483647;
			files = (
				AEC98B211B92882500607E60 /* KLCPopup in Resources */,
				AE65D6B91B92979900FF4519 /* Default-568h@2x.png in Resources */,
				AE2F44991B8E3C9D00F57579 /* Images.xcassets in Resources */,
				AEC98B1F1B9287DE00607E60 /* VENTokenField in Resources */,
			);
			runOnlyForDeploymentPostprocessing = 0;
		};
		AE2F449F1B8E3C9D00F57579 /* Resources */ = {
			isa = PBXResourcesBuildPhase;
			buildActionMask = 2147483647;
			files = (
			);
			runOnlyForDeploymentPostprocessing = 0;
		};
/* End PBXResourcesBuildPhase section */

/* Begin PBXShellScriptBuildPhase section */
		B4FBFB6437D952AA89D9C4D9 /* Check Pods Manifest.lock */ = {
			isa = PBXShellScriptBuildPhase;
			buildActionMask = 2147483647;
			files = (
			);
			inputPaths = (
			);
			name = "Check Pods Manifest.lock";
			outputPaths = (
			);
			runOnlyForDeploymentPostprocessing = 0;
			shellPath = /bin/sh;
			shellScript = "diff \"${PODS_ROOT}/../Podfile.lock\" \"${PODS_ROOT}/Manifest.lock\" > /dev/null\nif [[ $? != 0 ]] ; then\n    cat << EOM\nerror: The sandbox is not in sync with the Podfile.lock. Run 'pod install' or update your CocoaPods installation.\nEOM\n    exit 1\nfi\n";
			showEnvVarsInLog = 0;
		};
		D75905A53967F0D51CB292CA /* Copy Pods Resources */ = {
			isa = PBXShellScriptBuildPhase;
			buildActionMask = 2147483647;
			files = (
			);
			inputPaths = (
			);
			name = "Copy Pods Resources";
			outputPaths = (
			);
			runOnlyForDeploymentPostprocessing = 0;
			shellPath = /bin/sh;
			shellScript = "\"${SRCROOT}/Pods/Target Support Files/Pods-Pump/Pods-Pump-resources.sh\"\n";
			showEnvVarsInLog = 0;
		};
/* End PBXShellScriptBuildPhase section */

/* Begin PBXSourcesBuildPhase section */
		AE2F44841B8E3C9D00F57579 /* Sources */ = {
			isa = PBXSourcesBuildPhase;
			buildActionMask = 2147483647;
			files = (
				AE2F44B61B8E3D7A00F57579 /* TripViewController.m in Sources */,
				AE2F44911B8E3C9D00F57579 /* AppDelegate.m in Sources */,
				AE65D6BC1B92F9EF00FF4519 /* CreateNewRequest.m in Sources */,
				AE2F44B91B8E3F9C00F57579 /* TripManager.m in Sources */,
				AEC98B1D1B927B8900607E60 /* SearchUserView.m in Sources */,
				AE65D6BF1B93D6F300FF4519 /* VenmoFriend.m in Sources */,
				AE2F44C11B8E4C1000F57579 /* Utils.m in Sources */,
				AE2F448E1B8E3C9D00F57579 /* main.m in Sources */,
			);
			runOnlyForDeploymentPostprocessing = 0;
		};
		AE2F449D1B8E3C9D00F57579 /* Sources */ = {
			isa = PBXSourcesBuildPhase;
			buildActionMask = 2147483647;
			files = (
				AE2F44A81B8E3C9D00F57579 /* PumpTests.m in Sources */,
			);
			runOnlyForDeploymentPostprocessing = 0;
		};
/* End PBXSourcesBuildPhase section */

/* Begin PBXTargetDependency section */
		AE2F44A31B8E3C9D00F57579 /* PBXTargetDependency */ = {
			isa = PBXTargetDependency;
			target = AE2F44871B8E3C9D00F57579 /* Pump */;
			targetProxy = AE2F44A21B8E3C9D00F57579 /* PBXContainerItemProxy */;
		};
/* End PBXTargetDependency section */

/* Begin XCBuildConfiguration section */
		AE2F44A91B8E3C9D00F57579 /* Debug */ = {
			isa = XCBuildConfiguration;
			buildSettings = {
				ALWAYS_SEARCH_USER_PATHS = NO;
				CLANG_CXX_LANGUAGE_STANDARD = "gnu++0x";
				CLANG_CXX_LIBRARY = "libc++";
				CLANG_ENABLE_MODULES = YES;
				CLANG_ENABLE_OBJC_ARC = YES;
				CLANG_WARN_BOOL_CONVERSION = YES;
				CLANG_WARN_CONSTANT_CONVERSION = YES;
				CLANG_WARN_DIRECT_OBJC_ISA_USAGE = YES_ERROR;
				CLANG_WARN_EMPTY_BODY = YES;
				CLANG_WARN_ENUM_CONVERSION = YES;
				CLANG_WARN_INT_CONVERSION = YES;
				CLANG_WARN_OBJC_ROOT_CLASS = YES_ERROR;
				CLANG_WARN_UNREACHABLE_CODE = YES;
				CLANG_WARN__DUPLICATE_METHOD_MATCH = YES;
				"CODE_SIGN_IDENTITY[sdk=iphoneos*]" = "iPhone Developer";
				COPY_PHASE_STRIP = NO;
				DEBUG_INFORMATION_FORMAT = "dwarf-with-dsym";
				ENABLE_STRICT_OBJC_MSGSEND = YES;
				GCC_C_LANGUAGE_STANDARD = gnu99;
				GCC_DYNAMIC_NO_PIC = NO;
				GCC_NO_COMMON_BLOCKS = YES;
				GCC_OPTIMIZATION_LEVEL = 0;
				GCC_PREPROCESSOR_DEFINITIONS = (
					"DEBUG=1",
					"$(inherited)",
				);
				GCC_SYMBOLS_PRIVATE_EXTERN = NO;
				GCC_WARN_64_TO_32_BIT_CONVERSION = YES;
				GCC_WARN_ABOUT_RETURN_TYPE = YES_ERROR;
				GCC_WARN_UNDECLARED_SELECTOR = YES;
				GCC_WARN_UNINITIALIZED_AUTOS = YES_AGGRESSIVE;
				GCC_WARN_UNUSED_FUNCTION = YES;
				GCC_WARN_UNUSED_VARIABLE = YES;
				HEADER_SEARCH_PATHS = (
					/Applications/Xcode.app/Contents/Developer/Toolchains/XcodeDefault.xctoolchain/usr/include,
					"$(inherited)",
				);
				IPHONEOS_DEPLOYMENT_TARGET = 8.4;
				MTL_ENABLE_DEBUG_INFO = YES;
				ONLY_ACTIVE_ARCH = YES;
				SDKROOT = iphoneos;
			};
			name = Debug;
		};
		AE2F44AA1B8E3C9D00F57579 /* Release */ = {
			isa = XCBuildConfiguration;
			buildSettings = {
				ALWAYS_SEARCH_USER_PATHS = NO;
				CLANG_CXX_LANGUAGE_STANDARD = "gnu++0x";
				CLANG_CXX_LIBRARY = "libc++";
				CLANG_ENABLE_MODULES = YES;
				CLANG_ENABLE_OBJC_ARC = YES;
				CLANG_WARN_BOOL_CONVERSION = YES;
				CLANG_WARN_CONSTANT_CONVERSION = YES;
				CLANG_WARN_DIRECT_OBJC_ISA_USAGE = YES_ERROR;
				CLANG_WARN_EMPTY_BODY = YES;
				CLANG_WARN_ENUM_CONVERSION = YES;
				CLANG_WARN_INT_CONVERSION = YES;
				CLANG_WARN_OBJC_ROOT_CLASS = YES_ERROR;
				CLANG_WARN_UNREACHABLE_CODE = YES;
				CLANG_WARN__DUPLICATE_METHOD_MATCH = YES;
				"CODE_SIGN_IDENTITY[sdk=iphoneos*]" = "iPhone Developer";
				COPY_PHASE_STRIP = NO;
				DEBUG_INFORMATION_FORMAT = "dwarf-with-dsym";
				ENABLE_NS_ASSERTIONS = NO;
				ENABLE_STRICT_OBJC_MSGSEND = YES;
				GCC_C_LANGUAGE_STANDARD = gnu99;
				GCC_NO_COMMON_BLOCKS = YES;
				GCC_WARN_64_TO_32_BIT_CONVERSION = YES;
				GCC_WARN_ABOUT_RETURN_TYPE = YES_ERROR;
				GCC_WARN_UNDECLARED_SELECTOR = YES;
				GCC_WARN_UNINITIALIZED_AUTOS = YES_AGGRESSIVE;
				GCC_WARN_UNUSED_FUNCTION = YES;
				GCC_WARN_UNUSED_VARIABLE = YES;
				HEADER_SEARCH_PATHS = (
					/Applications/Xcode.app/Contents/Developer/Toolchains/XcodeDefault.xctoolchain/usr/include,
					"$(inherited)",
				);
				IPHONEOS_DEPLOYMENT_TARGET = 8.4;
				MTL_ENABLE_DEBUG_INFO = NO;
				SDKROOT = iphoneos;
				VALIDATE_PRODUCT = YES;
			};
			name = Release;
		};
		AE2F44AC1B8E3C9D00F57579 /* Debug */ = {
			isa = XCBuildConfiguration;
			baseConfigurationReference = DDDC3F0DD874346966F3DE62 /* Pods-Pump.debug.xcconfig */;
			buildSettings = {
				ASSETCATALOG_COMPILER_APPICON_NAME = AppIcon;
				HEADER_SEARCH_PATHS = (
					"$(inherited)",
					/Applications/Xcode.app/Contents/Developer/Toolchains/XcodeDefault.xctoolchain/usr/include,
				);
				INFOPLIST_FILE = Pump/Info.plist;
				LD_RUNPATH_SEARCH_PATHS = "$(inherited) @executable_path/Frameworks";
				PRODUCT_NAME = "$(TARGET_NAME)";
			};
			name = Debug;
		};
		AE2F44AD1B8E3C9D00F57579 /* Release */ = {
			isa = XCBuildConfiguration;
			baseConfigurationReference = A04805ECEAF76BE8CAB45742 /* Pods-Pump.release.xcconfig */;
			buildSettings = {
				ASSETCATALOG_COMPILER_APPICON_NAME = AppIcon;
				HEADER_SEARCH_PATHS = (
					"$(inherited)",
					/Applications/Xcode.app/Contents/Developer/Toolchains/XcodeDefault.xctoolchain/usr/include,
				);
				INFOPLIST_FILE = Pump/Info.plist;
				LD_RUNPATH_SEARCH_PATHS = "$(inherited) @executable_path/Frameworks";
				PRODUCT_NAME = "$(TARGET_NAME)";
			};
			name = Release;
		};
		AE2F44AF1B8E3C9D00F57579 /* Debug */ = {
			isa = XCBuildConfiguration;
			buildSettings = {
				BUNDLE_LOADER = "$(TEST_HOST)";
				FRAMEWORK_SEARCH_PATHS = (
					"$(SDKROOT)/Developer/Library/Frameworks",
					"$(inherited)",
				);
				GCC_PREPROCESSOR_DEFINITIONS = (
					"DEBUG=1",
					"$(inherited)",
				);
				INFOPLIST_FILE = PumpTests/Info.plist;
				LD_RUNPATH_SEARCH_PATHS = "$(inherited) @executable_path/Frameworks @loader_path/Frameworks";
				PRODUCT_NAME = "$(TARGET_NAME)";
				TEST_HOST = "$(BUILT_PRODUCTS_DIR)/Pump.app/Pump";
			};
			name = Debug;
		};
		AE2F44B01B8E3C9D00F57579 /* Release */ = {
			isa = XCBuildConfiguration;
			buildSettings = {
				BUNDLE_LOADER = "$(TEST_HOST)";
				FRAMEWORK_SEARCH_PATHS = (
					"$(SDKROOT)/Developer/Library/Frameworks",
					"$(inherited)",
				);
				INFOPLIST_FILE = PumpTests/Info.plist;
				LD_RUNPATH_SEARCH_PATHS = "$(inherited) @executable_path/Frameworks @loader_path/Frameworks";
				PRODUCT_NAME = "$(TARGET_NAME)";
				TEST_HOST = "$(BUILT_PRODUCTS_DIR)/Pump.app/Pump";
			};
			name = Release;
		};
/* End XCBuildConfiguration section */

/* Begin XCConfigurationList section */
		AE2F44831B8E3C9D00F57579 /* Build configuration list for PBXProject "Pump" */ = {
			isa = XCConfigurationList;
			buildConfigurations = (
				AE2F44A91B8E3C9D00F57579 /* Debug */,
				AE2F44AA1B8E3C9D00F57579 /* Release */,
			);
			defaultConfigurationIsVisible = 0;
			defaultConfigurationName = Release;
		};
		AE2F44AB1B8E3C9D00F57579 /* Build configuration list for PBXNativeTarget "Pump" */ = {
			isa = XCConfigurationList;
			buildConfigurations = (
				AE2F44AC1B8E3C9D00F57579 /* Debug */,
				AE2F44AD1B8E3C9D00F57579 /* Release */,
			);
			defaultConfigurationIsVisible = 0;
			defaultConfigurationName = Release;
		};
		AE2F44AE1B8E3C9D00F57579 /* Build configuration list for PBXNativeTarget "PumpTests" */ = {
			isa = XCConfigurationList;
			buildConfigurations = (
				AE2F44AF1B8E3C9D00F57579 /* Debug */,
				AE2F44B01B8E3C9D00F57579 /* Release */,
			);
			defaultConfigurationIsVisible = 0;
			defaultConfigurationName = Release;
		};
/* End XCConfigurationList section */
	};
	rootObject = AE2F44801B8E3C9D00F57579 /* Project object */;
}
